<Project ToolsVersion="4.0" xmlns="http://schemas.microsoft.com/developer/msbuild/2003">
  <ItemGroup>
    <Filter Include="AppSource">
      <UniqueIdentifier>{ac77600b-c700-488c-8798-de2d8f1b22e1}</UniqueIdentifier>
    </Filter>
    <Filter Include="AppSource\Common">
      <UniqueIdentifier>{f58bc3c6-d01f-4146-87f7-8b8b06cd3018}</UniqueIdentifier>
    </Filter>
    <Filter Include="AppSource\Common\Camera">
      <UniqueIdentifier>{a009ab87-a7dd-4a8a-b3ad-ce4de3a9108d}</UniqueIdentifier>
    </Filter>
    <Filter Include="AppSource\Common\DebugParam">
      <UniqueIdentifier>{5f8bcbec-ee73-4de9-b021-d6b0acfeca0c}</UniqueIdentifier>
    </Filter>
    <Filter Include="AppSource\Common\KeyConfig">
      <UniqueIdentifier>{38b44358-689e-4723-acbe-3cce84fb03cd}</UniqueIdentifier>
    </Filter>
    <Filter Include="AppSource\Core">
      <UniqueIdentifier>{7ed2f207-9f2d-4de0-8d4e-ac8cd71ec802}</UniqueIdentifier>
    </Filter>
    <Filter Include="AppSource\Game">
      <UniqueIdentifier>{34c1d5ad-64e1-42d9-a7f1-2b66212b45a9}</UniqueIdentifier>
    </Filter>
    <Filter Include="AppSource\Game\MapData">
      <UniqueIdentifier>{94b9e44a-b06a-442e-a810-e8dff533b8c8}</UniqueIdentifier>
    </Filter>
    <Filter Include="AppSource\Game\MapData\Data">
      <UniqueIdentifier>{331fb94a-4395-4284-8b49-31da26addd5b}</UniqueIdentifier>
    </Filter>
    <Filter Include="AppSource\GameCamera">
      <UniqueIdentifier>{9da76dc0-2b6d-4788-aaa5-626e356efea4}</UniqueIdentifier>
    </Filter>
    <Filter Include="AppSource\MapEditor">
      <UniqueIdentifier>{b53bc9e8-37cf-4bf6-8925-1802362e406c}</UniqueIdentifier>
    </Filter>
    <Filter Include="AppSource\MapEditor\Editor">
      <UniqueIdentifier>{50f3ad5c-b6bd-4aae-8f56-3796fb396cbc}</UniqueIdentifier>
    </Filter>
    <Filter Include="AppSource\MapEditor\Editor\Data">
      <UniqueIdentifier>{7c697bcd-1bea-401d-a05c-44e492c2e4b9}</UniqueIdentifier>
    </Filter>
    <Filter Include="AppSource\Scene">
      <UniqueIdentifier>{885bdb3f-97aa-48f3-975a-579c5fc5bb94}</UniqueIdentifier>
    </Filter>
    <Filter Include="AppSource\Scene\src">
      <UniqueIdentifier>{11667022-2ff6-4c75-a1c8-931f345d38c1}</UniqueIdentifier>
    </Filter>
    <Filter Include="AppSource\Test">
      <UniqueIdentifier>{622a081f-a393-4f0b-a5bb-36e7f684e7bb}</UniqueIdentifier>
    </Filter>
    <Filter Include="AppSource\Unit">
      <UniqueIdentifier>{8126219b-6e7b-4a14-8650-acda0265c296}</UniqueIdentifier>
    </Filter>
    <Filter Include="AppSource\Unit\Ore">
      <UniqueIdentifier>{c4f43bae-15f7-4c59-83e6-702b3a0b5a07}</UniqueIdentifier>
    </Filter>
    <Filter Include="AppSource\Unit\Player">
      <UniqueIdentifier>{c0f9380c-c965-4e32-89c4-c43429084c20}</UniqueIdentifier>
    </Filter>
    <Filter Include="Engine">
      <UniqueIdentifier>{63d437a1-99ed-4f17-9a63-f657c046c39b}</UniqueIdentifier>
    </Filter>
    <Filter Include="Engine\Assets">
      <UniqueIdentifier>{be03fcd5-a06d-4be5-99a0-2eddf87a1ff9}</UniqueIdentifier>
    </Filter>
    <Filter Include="Engine\Assets\Audio">
      <UniqueIdentifier>{edb1c66e-e7c7-4ed3-81a8-0c2d274308e6}</UniqueIdentifier>
    </Filter>
    <Filter Include="Engine\Assets\Audio\Data">
      <UniqueIdentifier>{520223a4-c8b9-418d-b568-71ba5205c3d7}</UniqueIdentifier>
    </Filter>
    <Filter Include="Engine\Assets\Model">
      <UniqueIdentifier>{d94c18dd-8069-4821-b686-11a7846386e3}</UniqueIdentifier>
    </Filter>
    <Filter Include="Engine\Assets\Texture">
      <UniqueIdentifier>{c4cd784d-a991-4940-86d3-baf0268bd511}</UniqueIdentifier>
    </Filter>
    <Filter Include="Engine\Camera">
      <UniqueIdentifier>{7a3e3762-a893-4cca-bd47-5366db44541b}</UniqueIdentifier>
    </Filter>
    <Filter Include="Engine\Collision">
      <UniqueIdentifier>{3c8df26f-b289-4509-9235-1bd9d9b22496}</UniqueIdentifier>
    </Filter>
    <Filter Include="Engine\Collision\Data">
      <UniqueIdentifier>{22bb947c-fcca-40ef-80e7-72d01ac8d9b3}</UniqueIdentifier>
    </Filter>
    <Filter Include="Engine\Core">
      <UniqueIdentifier>{96894434-6c24-49bf-a894-b877e2eaa9bc}</UniqueIdentifier>
    </Filter>
    <Filter Include="Engine\Core\Data">
      <UniqueIdentifier>{9b6a45e5-beff-4f3b-a194-8f95209ee09c}</UniqueIdentifier>
    </Filter>
    <Filter Include="Engine\Core\src">
      <UniqueIdentifier>{fc159f4e-02f0-4833-adeb-7e9210e5ffdf}</UniqueIdentifier>
    </Filter>
    <Filter Include="Engine\Core\View">
      <UniqueIdentifier>{4bef6ec6-93f8-411a-b6a9-6fda9f634506}</UniqueIdentifier>
    </Filter>
    <Filter Include="Engine\Input">
      <UniqueIdentifier>{81d828c2-b55f-42c8-a82b-b1054e127c6d}</UniqueIdentifier>
    </Filter>
    <Filter Include="Engine\PSO">
      <UniqueIdentifier>{1e848458-7fa8-498b-a913-53ee85d5c905}</UniqueIdentifier>
    </Filter>
    <Filter Include="Engine\PSO\Shelf">
      <UniqueIdentifier>{78c00935-66d5-40b2-8a56-04ca6632531a}</UniqueIdentifier>
    </Filter>
    <Filter Include="Engine\Render">
      <UniqueIdentifier>{8ba16900-03af-4546-b878-dd00d5a16f4f}</UniqueIdentifier>
    </Filter>
    <Filter Include="Engine\Screen">
      <UniqueIdentifier>{389f6cfc-ae6c-485c-a9a7-26d51631e8d9}</UniqueIdentifier>
    </Filter>
    <Filter Include="Engine\Screen\Display">
      <UniqueIdentifier>{613d8137-0e0e-4b2f-b54f-453d1dc14a8a}</UniqueIdentifier>
    </Filter>
    <Filter Include="Engine\Screen\Display\src">
      <UniqueIdentifier>{3037cc2b-a81f-4940-a958-128a7df49da7}</UniqueIdentifier>
    </Filter>
    <Filter Include="Engine\Tool">
      <UniqueIdentifier>{504f0bac-a327-4998-9493-12f8da42746c}</UniqueIdentifier>
    </Filter>
    <Filter Include="Engine\Tool\Binary">
      <UniqueIdentifier>{84491284-cf84-424f-92d5-3e292bafecd6}</UniqueIdentifier>
    </Filter>
    <Filter Include="Engine\Tool\Binary\Data">
      <UniqueIdentifier>{f16bf5bf-86b9-4181-8ae3-713984546f03}</UniqueIdentifier>
    </Filter>
    <Filter Include="Engine\Tool\Dump">
      <UniqueIdentifier>{ebd62203-160a-4d25-bd47-e19bdad0c024}</UniqueIdentifier>
    </Filter>
    <Filter Include="Engine\Tool\FPS">
      <UniqueIdentifier>{01dea077-e65c-47bc-9356-3fba9932479b}</UniqueIdentifier>
    </Filter>
    <Filter Include="Engine\Tool\Logger">
      <UniqueIdentifier>{80e9f709-458a-47cf-aadb-53d0beaaa918}</UniqueIdentifier>
    </Filter>
    <Filter Include="Engine\Utility">
      <UniqueIdentifier>{2a03c07c-ee75-4f67-9159-31570eea7aa0}</UniqueIdentifier>
    </Filter>
    <Filter Include="Engine\Utility\src">
      <UniqueIdentifier>{7207ad2f-eb8a-4371-9317-1c6d82540a19}</UniqueIdentifier>
    </Filter>
    <Filter Include="externals">
      <UniqueIdentifier>{3567aa76-9315-4ab6-98b8-1ab66a1196c3}</UniqueIdentifier>
    </Filter>
    <Filter Include="externals\assimp">
      <UniqueIdentifier>{875499cc-54f1-44e1-b68b-309eac13f94d}</UniqueIdentifier>
    </Filter>
    <Filter Include="externals\assimp\include">
      <UniqueIdentifier>{9772ef41-8c6c-453e-9a7c-28576b0d46a1}</UniqueIdentifier>
    </Filter>
    <Filter Include="externals\assimp\include\assimp">
      <UniqueIdentifier>{a857c84a-8ce3-4c10-9488-190520280e82}</UniqueIdentifier>
    </Filter>
    <Filter Include="externals\assimp\include\assimp\Compiler">
      <UniqueIdentifier>{8b442c79-f138-4137-931d-715a70f9a169}</UniqueIdentifier>
    </Filter>
    <Filter Include="externals\assimp\include\assimp\port">
      <UniqueIdentifier>{038a24ad-dd47-4853-a5e0-a6952bbad09e}</UniqueIdentifier>
    </Filter>
    <Filter Include="externals\assimp\include\assimp\port\AndroidJNI">
      <UniqueIdentifier>{09f4d879-6e83-4cf2-82ca-446786634e42}</UniqueIdentifier>
    </Filter>
    <Filter Include="externals\DirectXTex">
      <UniqueIdentifier>{98331443-408a-41c4-a130-6923ea24a3ed}</UniqueIdentifier>
    </Filter>
    <Filter Include="externals\imgui">
      <UniqueIdentifier>{8f7f0f40-1717-4994-9854-16cc42786999}</UniqueIdentifier>
    </Filter>
    <Filter Include="externals\nlohmannjson">
      <UniqueIdentifier>{554fa045-0816-4e10-9cb2-60154cb094b0}</UniqueIdentifier>
    </Filter>
    <Filter Include="externals\spdlog">
      <UniqueIdentifier>{5b3d2c15-aade-4860-a566-b1f6463e9804}</UniqueIdentifier>
    </Filter>
    <Filter Include="externals\spdlog\cfg">
      <UniqueIdentifier>{7c4d3a05-67ef-4c52-be49-9ae5371023d7}</UniqueIdentifier>
    </Filter>
    <Filter Include="externals\spdlog\details">
      <UniqueIdentifier>{e6e1dcf7-4d91-4212-a27a-aebd08baa7e6}</UniqueIdentifier>
    </Filter>
    <Filter Include="externals\spdlog\fmt">
      <UniqueIdentifier>{23cafafe-ce63-453b-9724-69b5bb2c33cf}</UniqueIdentifier>
    </Filter>
    <Filter Include="externals\spdlog\fmt\bundled">
      <UniqueIdentifier>{f34a0f92-36b5-49da-8180-b7787cbebd62}</UniqueIdentifier>
    </Filter>
    <Filter Include="externals\spdlog\sinks">
      <UniqueIdentifier>{43b758bb-c7ba-447b-867f-34c0afa5de77}</UniqueIdentifier>
    </Filter>
  </ItemGroup>
  <ItemGroup>
    <ClCompile Include="main.cpp" />
    <ClCompile Include="AppSource\Common\GameWindow.cpp"><Filter>AppSource\Common</Filter></ClCompile>
    <ClCompile Include="AppSource\Common\Camera\GameCamera.cpp"><Filter>AppSource\Common\Camera</Filter></ClCompile>
    <ClCompile Include="AppSource\Common\DebugParam\GameParamEditor.cpp"><Filter>AppSource\Common\DebugParam</Filter></ClCompile>
    <ClCompile Include="AppSource\Common\DebugParam\HierarchyWindow.cpp"><Filter>AppSource\Common\DebugParam</Filter></ClCompile>
    <ClCompile Include="AppSource\Common\DebugParam\InspectorWindow.cpp"><Filter>AppSource\Common\DebugParam</Filter></ClCompile>
    <ClCompile Include="AppSource\Common\DebugParam\ParamManager.cpp"><Filter>AppSource\Common\DebugParam</Filter></ClCompile>
    <ClCompile Include="AppSource\Common\KeyConfig\KeyManager.cpp"><Filter>AppSource\Common\KeyConfig</Filter></ClCompile>
    <ClCompile Include="AppSource\Core\Terminal.cpp"><Filter>AppSource\Core</Filter></ClCompile>
    <ClCompile Include="AppSource\Game\GameScene.cpp"><Filter>AppSource\Game</Filter></ClCompile>
    <ClCompile Include="AppSource\Game\MapData\MapDataManager.cpp"><Filter>AppSource\Game\MapData</Filter></ClCompile>
    <ClCompile Include="AppSource\Game\MapData\Data\MapData.cpp"><Filter>AppSource\Game\MapData\Data</Filter></ClCompile>
    <ClCompile Include="AppSource\GameCamera\CameraController.cpp"><Filter>AppSource\GameCamera</Filter></ClCompile>
    <ClCompile Include="AppSource\MapEditor\MapEditScene.cpp"><Filter>AppSource\MapEditor</Filter></ClCompile>
    <ClCompile Include="AppSource\MapEditor\Editor\MapEditor.cpp"><Filter>AppSource\MapEditor\Editor</Filter></ClCompile>
    <ClCompile Include="AppSource\MapEditor\Editor\MapEditWithImGui.cpp"><Filter>AppSource\MapEditor\Editor</Filter></ClCompile>
    <ClCompile Include="AppSource\MapEditor\Editor\Data\Campus.cpp"><Filter>AppSource\MapEditor\Editor\Data</Filter></ClCompile>
    <ClCompile Include="AppSource\MapEditor\Editor\Data\Pencil.cpp"><Filter>AppSource\MapEditor\Editor\Data</Filter></ClCompile>
    <ClCompile Include="AppSource\MapEditor\Editor\Data\StageEditor.cpp"><Filter>AppSource\MapEditor\Editor\Data</Filter></ClCompile>
    <ClCompile Include="AppSource\Scene\src\InitializeScene.cpp"><Filter>AppSource\Scene\src</Filter></ClCompile>
    <ClCompile Include="AppSource\Scene\src\IScene.cpp"><Filter>AppSource\Scene\src</Filter></ClCompile>
    <ClCompile Include="AppSource\Scene\src\SceneManager.cpp"><Filter>AppSource\Scene\src</Filter></ClCompile>
    <ClCompile Include="AppSource\Test\TestScene.cpp"><Filter>AppSource\Test</Filter></ClCompile>
    <ClCompile Include="AppSource\Unit\MapChipField.cpp"><Filter>AppSource\Unit</Filter></ClCompile>
    <ClCompile Include="AppSource\Unit\UnitManager.cpp"><Filter>AppSource\Unit</Filter></ClCompile>
    <ClCompile Include="AppSource\Unit\Ore\OreUnit.cpp"><Filter>AppSource\Unit\Ore</Filter></ClCompile>
    <ClCompile Include="AppSource\Unit\Ore\OreUnitObject.cpp"><Filter>AppSource\Unit\Ore</Filter></ClCompile>
    <ClCompile Include="AppSource\Unit\Player\PlayerUnit.cpp"><Filter>AppSource\Unit\Player</Filter></ClCompile>
    <ClCompile Include="AppSource\Unit\Player\PlayerUnitObject.cpp"><Filter>AppSource\Unit\Player</Filter></ClCompile>
    <ClCompile Include="Engine\SHEngine.cpp"><Filter>Engine</Filter></ClCompile>
    <ClCompile Include="Engine\Assets\Audio\AudioManager.cpp"><Filter>Engine\Assets\Audio</Filter></ClCompile>
    <ClCompile Include="Engine\Assets\Audio\Data\AudioData.cpp"><Filter>Engine\Assets\Audio\Data</Filter></ClCompile>
    <ClCompile Include="Engine\Assets\Audio\Data\MP3Data.cpp"><Filter>Engine\Assets\Audio\Data</Filter></ClCompile>
    <ClCompile Include="Engine\Assets\Audio\Data\WAVData.cpp"><Filter>Engine\Assets\Audio\Data</Filter></ClCompile>
    <ClCompile Include="Engine\Assets\Model\ModelLoader.cpp"><Filter>Engine\Assets\Model</Filter></ClCompile>
    <ClCompile Include="Engine\Assets\Model\ModelManager.cpp"><Filter>Engine\Assets\Model</Filter></ClCompile>
    <ClCompile Include="Engine\Assets\Texture\TextureData.cpp"><Filter>Engine\Assets\Texture</Filter></ClCompile>
    <ClCompile Include="Engine\Assets\Texture\TextureManager.cpp"><Filter>Engine\Assets\Texture</Filter></ClCompile>
    <ClCompile Include="Engine\Camera\Camera.cpp"><Filter>Engine\Camera</Filter></ClCompile>
    <ClCompile Include="Engine\Camera\DebugCamera.cpp"><Filter>Engine\Camera</Filter></ClCompile>
    <ClCompile Include="Engine\Collision\Collider.cpp"><Filter>Engine\Collision</Filter></ClCompile>
    <ClCompile Include="Engine\Collision\ColliderManager.cpp"><Filter>Engine\Collision</Filter></ClCompile>
    <ClCompile Include="Engine\Collision\Data\CollisionVisitor.cpp"><Filter>Engine\Collision\Data</Filter></ClCompile>
    <ClCompile Include="Engine\Core\Data\CommandObject.cpp"><Filter>Engine\Core\Data</Filter></ClCompile>
    <ClCompile Include="Engine\Core\src\CmdListManager.cpp"><Filter>Engine\Core\src</Filter></ClCompile>
    <ClCompile Include="Engine\Core\src\DXDevice.cpp"><Filter>Engine\Core\src</Filter></ClCompile>
    <ClCompile Include="Engine\Core\src\FenceManager.cpp"><Filter>Engine\Core\src</Filter></ClCompile>
    <ClCompile Include="Engine\Core\src\ImGuiforEngine.cpp"><Filter>Engine\Core\src</Filter></ClCompile>
    <ClCompile Include="Engine\Core\View\DSVManager.cpp"><Filter>Engine\Core\View</Filter></ClCompile>
    <ClCompile Include="Engine\Core\View\RTVManager.cpp"><Filter>Engine\Core\View</Filter></ClCompile>
    <ClCompile Include="Engine\Core\View\SRVManager.cpp"><Filter>Engine\Core\View</Filter></ClCompile>
    <ClCompile Include="Engine\Core\View\ViewFunc.cpp"><Filter>Engine\Core\View</Filter></ClCompile>
    <ClCompile Include="Engine\Input\Input.cpp"><Filter>Engine\Input</Filter></ClCompile>
    <ClCompile Include="Engine\PSO\PSOEditor.cpp"><Filter>Engine\PSO</Filter></ClCompile>
    <ClCompile Include="Engine\PSO\PSOManager.cpp"><Filter>Engine\PSO</Filter></ClCompile>
    <ClCompile Include="Engine\PSO\Shelf\BlendStateShelf.cpp"><Filter>Engine\PSO\Shelf</Filter></ClCompile>
    <ClCompile Include="Engine\PSO\Shelf\DepthStencilShelf.cpp"><Filter>Engine\PSO\Shelf</Filter></ClCompile>
    <ClCompile Include="Engine\PSO\Shelf\InputLayoutShelf.cpp"><Filter>Engine\PSO\Shelf</Filter></ClCompile>
    <ClCompile Include="Engine\PSO\Shelf\RasterizerShelf.cpp"><Filter>Engine\PSO\Shelf</Filter></ClCompile>
    <ClCompile Include="Engine\PSO\Shelf\RootSignatureShelf.cpp"><Filter>Engine\PSO\Shelf</Filter></ClCompile>
    <ClCompile Include="Engine\PSO\Shelf\ShaderShelf.cpp"><Filter>Engine\PSO\Shelf</Filter></ClCompile>
    <ClCompile Include="Engine\Render\DebugLine.cpp"><Filter>Engine\Render</Filter></ClCompile>
    <ClCompile Include="Engine\Render\DrawDataManager.cpp"><Filter>Engine\Render</Filter></ClCompile>
    <ClCompile Include="Engine\Render\PostEffect.cpp"><Filter>Engine\Render</Filter></ClCompile>
    <ClCompile Include="Engine\Render\RenderObject.cpp"><Filter>Engine\Render</Filter></ClCompile>
    <ClCompile Include="Engine\Screen\DualDisplay.cpp"><Filter>Engine\Screen</Filter></ClCompile>
    <ClCompile Include="Engine\Screen\Window.cpp"><Filter>Engine\Screen</Filter></ClCompile>
    <ClCompile Include="Engine\Screen\WindowMaker.cpp"><Filter>Engine\Screen</Filter></ClCompile>
    <ClCompile Include="Engine\Screen\Display\src\Display.cpp"><Filter>Engine\Screen\Display\src</Filter></ClCompile>
    <ClCompile Include="Engine\Screen\Display\src\IDisplay.cpp"><Filter>Engine\Screen\Display\src</Filter></ClCompile>
    <ClCompile Include="Engine\Screen\Display\src\SwapChain.cpp"><Filter>Engine\Screen\Display\src</Filter></ClCompile>
    <ClCompile Include="Engine\Screen\Display\src\WindowsApp.cpp"><Filter>Engine\Screen\Display\src</Filter></ClCompile>
    <ClCompile Include="Engine\Tool\Binary\BinaryManager.cpp"><Filter>Engine\Tool\Binary</Filter></ClCompile>
    <ClCompile Include="Engine\Tool\Binary\Data\BinaryInput.cpp"><Filter>Engine\Tool\Binary\Data</Filter></ClCompile>
    <ClCompile Include="Engine\Tool\Binary\Data\BinaryOutput.cpp"><Filter>Engine\Tool\Binary\Data</Filter></ClCompile>
    <ClCompile Include="Engine\Tool\Dump\CreateDump.cpp"><Filter>Engine\Tool\Dump</Filter></ClCompile>
    <ClCompile Include="Engine\Tool\FPS\FPSObserver.cpp"><Filter>Engine\Tool\FPS</Filter></ClCompile>
    <ClCompile Include="Engine\Tool\Logger\Logger.cpp"><Filter>Engine\Tool\Logger</Filter></ClCompile>
    <ClCompile Include="Engine\Utility\src\Color.cpp"><Filter>Engine\Utility\src</Filter></ClCompile>
    <ClCompile Include="Engine\Utility\src\ConvertString.cpp"><Filter>Engine\Utility\src</Filter></ClCompile>
    <ClCompile Include="Engine\Utility\src\DirectUtilFuncs.cpp"><Filter>Engine\Utility\src</Filter></ClCompile>
    <ClCompile Include="Engine\Utility\src\Easing.cpp"><Filter>Engine\Utility\src</Filter></ClCompile>
    <ClCompile Include="Engine\Utility\src\MatrixFactory.cpp"><Filter>Engine\Utility\src</Filter></ClCompile>
    <ClCompile Include="Engine\Utility\src\MyMath.cpp"><Filter>Engine\Utility\src</Filter></ClCompile>
    <ClCompile Include="Engine\Utility\src\Operator.cpp"><Filter>Engine\Utility\src</Filter></ClCompile>
    <ClCompile Include="Engine\Utility\src\SearchFile.cpp"><Filter>Engine\Utility\src</Filter></ClCompile>
  </ItemGroup>
  <ItemGroup>
    <ClInclude Include="AppSource\FpsCount.h"><Filter>AppSource</Filter></ClInclude>
    <ClInclude Include="AppSource\Common\GameWindow.h"><Filter>AppSource\Common</Filter></ClInclude>
    <ClInclude Include="AppSource\Common\Camera\GameCamera.h"><Filter>AppSource\Common\Camera</Filter></ClInclude>
    <ClInclude Include="AppSource\Common\DebugParam\GameParamEditor.h"><Filter>AppSource\Common\DebugParam</Filter></ClInclude>
    <ClInclude Include="AppSource\Common\DebugParam\HierarchyWindow.h"><Filter>AppSource\Common\DebugParam</Filter></ClInclude>
    <ClInclude Include="AppSource\Common\DebugParam\InspectorWindow.h"><Filter>AppSource\Common\DebugParam</Filter></ClInclude>
    <ClInclude Include="AppSource\Common\DebugParam\ParamManager.h"><Filter>AppSource\Common\DebugParam</Filter></ClInclude>
    <ClInclude Include="AppSource\Common\KeyConfig\KeyManager.h"><Filter>AppSource\Common\KeyConfig</Filter></ClInclude>
    <ClInclude Include="AppSource\Core\Terminal.h"><Filter>AppSource\Core</Filter></ClInclude>
    <ClInclude Include="AppSource\Game\GameScene.h"><Filter>AppSource\Game</Filter></ClInclude>
    <ClInclude Include="AppSource\Game\MapData\MapDataManager.h"><Filter>AppSource\Game\MapData</Filter></ClInclude>
    <ClInclude Include="AppSource\Game\MapData\Data\MapData.h"><Filter>AppSource\Game\MapData\Data</Filter></ClInclude>
    <ClInclude Include="AppSource\Game\MapData\Data\StageData.h"><Filter>AppSource\Game\MapData\Data</Filter></ClInclude>
    <ClInclude Include="AppSource\GameCamera\CameraController.h"><Filter>AppSource\GameCamera</Filter></ClInclude>
    <ClInclude Include="AppSource\MapEditor\MapEditScene.h"><Filter>AppSource\MapEditor</Filter></ClInclude>
    <ClInclude Include="AppSource\MapEditor\Editor\MapEditor.h"><Filter>AppSource\MapEditor\Editor</Filter></ClInclude>
    <ClInclude Include="AppSource\MapEditor\Editor\MapEditWithImGui.h"><Filter>AppSource\MapEditor\Editor</Filter></ClInclude>
    <ClInclude Include="AppSource\MapEditor\Editor\Data\Campus.h"><Filter>AppSource\MapEditor\Editor\Data</Filter></ClInclude>
    <ClInclude Include="AppSource\MapEditor\Editor\Data\Pencil.h"><Filter>AppSource\MapEditor\Editor\Data</Filter></ClInclude>
    <ClInclude Include="AppSource\MapEditor\Editor\Data\StageEditor.h"><Filter>AppSource\MapEditor\Editor\Data</Filter></ClInclude>
    <ClInclude Include="AppSource\Scene\CommonData.h"><Filter>AppSource\Scene</Filter></ClInclude>
    <ClInclude Include="AppSource\Scene\InitializeScene.h"><Filter>AppSource\Scene</Filter></ClInclude>
    <ClInclude Include="AppSource\Scene\IScene.h"><Filter>AppSource\Scene</Filter></ClInclude>
    <ClInclude Include="AppSource\Scene\SceneManager.h"><Filter>AppSource\Scene</Filter></ClInclude>
    <ClInclude Include="AppSource\Test\TestScene.h"><Filter>AppSource\Test</Filter></ClInclude>
    <ClInclude Include="AppSource\Unit\MapChipField.h"><Filter>AppSource\Unit</Filter></ClInclude>
    <ClInclude Include="AppSource\Unit\UnitManager.h"><Filter>AppSource\Unit</Filter></ClInclude>
    <ClInclude Include="AppSource\Unit\Ore\OreUnit.h"><Filter>AppSource\Unit\Ore</Filter></ClInclude>
    <ClInclude Include="AppSource\Unit\Ore\OreUnitObject.h"><Filter>AppSource\Unit\Ore</Filter></ClInclude>
    <ClInclude Include="AppSource\Unit\Player\PlayerUnit.h"><Filter>AppSource\Unit\Player</Filter></ClInclude>
    <ClInclude Include="AppSource\Unit\Player\PlayerUnitObject.h"><Filter>AppSource\Unit\Player</Filter></ClInclude>
    <ClInclude Include="Engine\SHEngine.h"><Filter>Engine</Filter></ClInclude>
    <ClInclude Include="Engine\Assets\Audio\AudioManager.h"><Filter>Engine\Assets\Audio</Filter></ClInclude>
    <ClInclude Include="Engine\Assets\Audio\Data\AudioData.h"><Filter>Engine\Assets\Audio\Data</Filter></ClInclude>
    <ClInclude Include="Engine\Assets\Audio\Data\MP3Data.h"><Filter>Engine\Assets\Audio\Data</Filter></ClInclude>
    <ClInclude Include="Engine\Assets\Audio\Data\WAVData.h"><Filter>Engine\Assets\Audio\Data</Filter></ClInclude>
    <ClInclude Include="Engine\Assets\Model\ModelData.h"><Filter>Engine\Assets\Model</Filter></ClInclude>
    <ClInclude Include="Engine\Assets\Model\ModelLoader.h"><Filter>Engine\Assets\Model</Filter></ClInclude>
    <ClInclude Include="Engine\Assets\Model\ModelManager.h"><Filter>Engine\Assets\Model</Filter></ClInclude>
    <ClInclude Include="Engine\Assets\Texture\TextureData.h"><Filter>Engine\Assets\Texture</Filter></ClInclude>
    <ClInclude Include="Engine\Assets\Texture\TextureManager.h"><Filter>Engine\Assets\Texture</Filter></ClInclude>
    <ClInclude Include="Engine\Camera\Camera.h"><Filter>Engine\Camera</Filter></ClInclude>
    <ClInclude Include="Engine\Camera\DebugCamera.h"><Filter>Engine\Camera</Filter></ClInclude>
    <ClInclude Include="Engine\Collision\Collider.h"><Filter>Engine\Collision</Filter></ClInclude>
    <ClInclude Include="Engine\Collision\ColliderManager.h"><Filter>Engine\Collision</Filter></ClInclude>
    <ClInclude Include="Engine\Collision\Data\CollisionInfo.h"><Filter>Engine\Collision\Data</Filter></ClInclude>
    <ClInclude Include="Engine\Collision\Data\CollisionVisitor.h"><Filter>Engine\Collision\Data</Filter></ClInclude>
    <ClInclude Include="Engine\Core\CmdListManager.h"><Filter>Engine\Core</Filter></ClInclude>
    <ClInclude Include="Engine\Core\DXDevice.h"><Filter>Engine\Core</Filter></ClInclude>
    <ClInclude Include="Engine\Core\FenceManager.h"><Filter>Engine\Core</Filter></ClInclude>
    <ClInclude Include="Engine\Core\ImGuiforEngine.h"><Filter>Engine\Core</Filter></ClInclude>
    <ClInclude Include="Engine\Core\Data\CommandObject.h"><Filter>Engine\Core\Data</Filter></ClInclude>
    <ClInclude Include="Engine\Core\View\DSVManager.h"><Filter>Engine\Core\View</Filter></ClInclude>
    <ClInclude Include="Engine\Core\View\RTVManager.h"><Filter>Engine\Core\View</Filter></ClInclude>
    <ClInclude Include="Engine\Core\View\SRVManager.h"><Filter>Engine\Core\View</Filter></ClInclude>
    <ClInclude Include="Engine\Core\View\ViewFunc.h"><Filter>Engine\Core\View</Filter></ClInclude>
    <ClInclude Include="Engine\Input\Input.h"><Filter>Engine\Input</Filter></ClInclude>
    <ClInclude Include="Engine\PSO\PSOConfig.h"><Filter>Engine\PSO</Filter></ClInclude>
    <ClInclude Include="Engine\PSO\PSOEditor.h"><Filter>Engine\PSO</Filter></ClInclude>
    <ClInclude Include="Engine\PSO\PSOManager.h"><Filter>Engine\PSO</Filter></ClInclude>
    <ClInclude Include="Engine\PSO\Shelf\BlendStateShelf.h"><Filter>Engine\PSO\Shelf</Filter></ClInclude>
    <ClInclude Include="Engine\PSO\Shelf\DepthStencilShelf.h"><Filter>Engine\PSO\Shelf</Filter></ClInclude>
    <ClInclude Include="Engine\PSO\Shelf\InputLayoutShelf.h"><Filter>Engine\PSO\Shelf</Filter></ClInclude>
    <ClInclude Include="Engine\PSO\Shelf\RasterizerShelf.h"><Filter>Engine\PSO\Shelf</Filter></ClInclude>
    <ClInclude Include="Engine\PSO\Shelf\RootSignatureShelf.h"><Filter>Engine\PSO\Shelf</Filter></ClInclude>
    <ClInclude Include="Engine\PSO\Shelf\ShaderShelf.h"><Filter>Engine\PSO\Shelf</Filter></ClInclude>
    <ClInclude Include="Engine\Render\DebugLine.h"><Filter>Engine\Render</Filter></ClInclude>
    <ClInclude Include="Engine\Render\DrawDataManager.h"><Filter>Engine\Render</Filter></ClInclude>
    <ClInclude Include="Engine\Render\PostEffect.h"><Filter>Engine\Render</Filter></ClInclude>
    <ClInclude Include="Engine\Render\PostEffectData.h"><Filter>Engine\Render</Filter></ClInclude>
    <ClInclude Include="Engine\Render\RenderObject.h"><Filter>Engine\Render</Filter></ClInclude>
    <ClInclude Include="Engine\Screen\DualDisplay.h"><Filter>Engine\Screen</Filter></ClInclude>
    <ClInclude Include="Engine\Screen\Window.h"><Filter>Engine\Screen</Filter></ClInclude>
    <ClInclude Include="Engine\Screen\WindowMaker.h"><Filter>Engine\Screen</Filter></ClInclude>
    <ClInclude Include="Engine\Screen\Display\Display.h"><Filter>Engine\Screen\Display</Filter></ClInclude>
    <ClInclude Include="Engine\Screen\Display\IDisplay.h"><Filter>Engine\Screen\Display</Filter></ClInclude>
    <ClInclude Include="Engine\Screen\Display\SwapChain.h"><Filter>Engine\Screen\Display</Filter></ClInclude>
    <ClInclude Include="Engine\Screen\Display\WindowsApp.h"><Filter>Engine\Screen\Display</Filter></ClInclude>
    <ClInclude Include="Engine\Tool\Binary\BinaryManager.h"><Filter>Engine\Tool\Binary</Filter></ClInclude>
    <ClInclude Include="Engine\Tool\Binary\Data\BinaryInput.h"><Filter>Engine\Tool\Binary\Data</Filter></ClInclude>
    <ClInclude Include="Engine\Tool\Binary\Data\BinaryOutput.h"><Filter>Engine\Tool\Binary\Data</Filter></ClInclude>
    <ClInclude Include="Engine\Tool\Binary\Data\Value.h"><Filter>Engine\Tool\Binary\Data</Filter></ClInclude>
    <ClInclude Include="Engine\Tool\Dump\CreateDump.h"><Filter>Engine\Tool\Dump</Filter></ClInclude>
    <ClInclude Include="Engine\Tool\FPS\FPSObserver.h"><Filter>Engine\Tool\FPS</Filter></ClInclude>
    <ClInclude Include="Engine\Tool\Logger\Logger.h"><Filter>Engine\Tool\Logger</Filter></ClInclude>
    <ClInclude Include="Engine\Utility\Color.h"><Filter>Engine\Utility</Filter></ClInclude>
    <ClInclude Include="Engine\Utility\ConvertString.h"><Filter>Engine\Utility</Filter></ClInclude>
    <ClInclude Include="Engine\Utility\DataStructures.h"><Filter>Engine\Utility</Filter></ClInclude>
    <ClInclude Include="Engine\Utility\DirectUtilFuncs.h"><Filter>Engine\Utility</Filter></ClInclude>
    <ClInclude Include="Engine\Utility\Easing.h"><Filter>Engine\Utility</Filter></ClInclude>
    <ClInclude Include="Engine\Utility\Matrix.h"><Filter>Engine\Utility</Filter></ClInclude>
    <ClInclude Include="Engine\Utility\MatrixFactory.h"><Filter>Engine\Utility</Filter></ClInclude>
    <ClInclude Include="Engine\Utility\MyMath.h"><Filter>Engine\Utility</Filter></ClInclude>
    <ClInclude Include="Engine\Utility\Operator.h"><Filter>Engine\Utility</Filter></ClInclude>
    <ClInclude Include="Engine\Utility\Quaternion.h"><Filter>Engine\Utility</Filter></ClInclude>
    <ClInclude Include="Engine\Utility\SearchFile.h"><Filter>Engine\Utility</Filter></ClInclude>
    <ClInclude Include="Engine\Utility\Vector.h"><Filter>Engine\Utility</Filter></ClInclude>
    <ClInclude Include="externals\assimp\include\assimp\aabb.h"><Filter>externals\assimp\include\assimp</Filter></ClInclude>
    <ClInclude Include="externals\assimp\include\assimp\ai_assert.h"><Filter>externals\assimp\include\assimp</Filter></ClInclude>
    <ClInclude Include="externals\assimp\include\assimp\anim.h"><Filter>externals\assimp\include\assimp</Filter></ClInclude>
    <ClInclude Include="externals\assimp\include\assimp\AssertHandler.h"><Filter>externals\assimp\include\assimp</Filter></ClInclude>
    <ClInclude Include="externals\assimp\include\assimp\Base64.hpp"><Filter>externals\assimp\include\assimp</Filter></ClInclude>
    <ClInclude Include="externals\assimp\include\assimp\BaseImporter.h"><Filter>externals\assimp\include\assimp</Filter></ClInclude>
    <ClInclude Include="externals\assimp\include\assimp\Bitmap.h"><Filter>externals\assimp\include\assimp</Filter></ClInclude>
    <ClInclude Include="externals\assimp\include\assimp\BlobIOSystem.h"><Filter>externals\assimp\include\assimp</Filter></ClInclude>
    <ClInclude Include="externals\assimp\include\assimp\ByteSwapper.h"><Filter>externals\assimp\include\assimp</Filter></ClInclude>
    <ClInclude Include="externals\assimp\include\assimp\camera.h"><Filter>externals\assimp\include\assimp</Filter></ClInclude>
    <ClInclude Include="externals\assimp\include\assimp\cexport.h"><Filter>externals\assimp\include\assimp</Filter></ClInclude>
    <ClInclude Include="externals\assimp\include\assimp\cfileio.h"><Filter>externals\assimp\include\assimp</Filter></ClInclude>
    <ClInclude Include="externals\assimp\include\assimp\cimport.h"><Filter>externals\assimp\include\assimp</Filter></ClInclude>
    <ClInclude Include="externals\assimp\include\assimp\ColladaMetaData.h"><Filter>externals\assimp\include\assimp</Filter></ClInclude>
    <ClInclude Include="externals\assimp\include\assimp\color4.h"><Filter>externals\assimp\include\assimp</Filter></ClInclude>
    <ClInclude Include="externals\assimp\include\assimp\commonMetaData.h"><Filter>externals\assimp\include\assimp</Filter></ClInclude>
    <ClInclude Include="externals\assimp\include\assimp\config.h"><Filter>externals\assimp\include\assimp</Filter></ClInclude>
    <ClInclude Include="externals\assimp\include\assimp\CreateAnimMesh.h"><Filter>externals\assimp\include\assimp</Filter></ClInclude>
    <ClInclude Include="externals\assimp\include\assimp\DefaultIOStream.h"><Filter>externals\assimp\include\assimp</Filter></ClInclude>
    <ClInclude Include="externals\assimp\include\assimp\DefaultIOSystem.h"><Filter>externals\assimp\include\assimp</Filter></ClInclude>
    <ClInclude Include="externals\assimp\include\assimp\DefaultLogger.hpp"><Filter>externals\assimp\include\assimp</Filter></ClInclude>
    <ClInclude Include="externals\assimp\include\assimp\defs.h"><Filter>externals\assimp\include\assimp</Filter></ClInclude>
    <ClInclude Include="externals\assimp\include\assimp\Exceptional.h"><Filter>externals\assimp\include\assimp</Filter></ClInclude>
    <ClInclude Include="externals\assimp\include\assimp\Exporter.hpp"><Filter>externals\assimp\include\assimp</Filter></ClInclude>
    <ClInclude Include="externals\assimp\include\assimp\fast_atof.h"><Filter>externals\assimp\include\assimp</Filter></ClInclude>
    <ClInclude Include="externals\assimp\include\assimp\GenericProperty.h"><Filter>externals\assimp\include\assimp</Filter></ClInclude>
    <ClInclude Include="externals\assimp\include\assimp\GltfMaterial.h"><Filter>externals\assimp\include\assimp</Filter></ClInclude>
    <ClInclude Include="externals\assimp\include\assimp\Hash.h"><Filter>externals\assimp\include\assimp</Filter></ClInclude>
    <ClInclude Include="externals\assimp\include\assimp\Importer.hpp"><Filter>externals\assimp\include\assimp</Filter></ClInclude>
    <ClInclude Include="externals\assimp\include\assimp\importerdesc.h"><Filter>externals\assimp\include\assimp</Filter></ClInclude>
    <ClInclude Include="externals\assimp\include\assimp\IOStream.hpp"><Filter>externals\assimp\include\assimp</Filter></ClInclude>
    <ClInclude Include="externals\assimp\include\assimp\IOStreamBuffer.h"><Filter>externals\assimp\include\assimp</Filter></ClInclude>
    <ClInclude Include="externals\assimp\include\assimp\IOSystem.hpp"><Filter>externals\assimp\include\assimp</Filter></ClInclude>
    <ClInclude Include="externals\assimp\include\assimp\light.h"><Filter>externals\assimp\include\assimp</Filter></ClInclude>
    <ClInclude Include="externals\assimp\include\assimp\LineSplitter.h"><Filter>externals\assimp\include\assimp</Filter></ClInclude>
    <ClInclude Include="externals\assimp\include\assimp\LogAux.h"><Filter>externals\assimp\include\assimp</Filter></ClInclude>
    <ClInclude Include="externals\assimp\include\assimp\Logger.hpp"><Filter>externals\assimp\include\assimp</Filter></ClInclude>
    <ClInclude Include="externals\assimp\include\assimp\LogStream.hpp"><Filter>externals\assimp\include\assimp</Filter></ClInclude>
    <ClInclude Include="externals\assimp\include\assimp\material.h"><Filter>externals\assimp\include\assimp</Filter></ClInclude>
    <ClInclude Include="externals\assimp\include\assimp\MathFunctions.h"><Filter>externals\assimp\include\assimp</Filter></ClInclude>
    <ClInclude Include="externals\assimp\include\assimp\matrix3x3.h"><Filter>externals\assimp\include\assimp</Filter></ClInclude>
    <ClInclude Include="externals\assimp\include\assimp\matrix4x4.h"><Filter>externals\assimp\include\assimp</Filter></ClInclude>
    <ClInclude Include="externals\assimp\include\assimp\MemoryIOWrapper.h"><Filter>externals\assimp\include\assimp</Filter></ClInclude>
    <ClInclude Include="externals\assimp\include\assimp\mesh.h"><Filter>externals\assimp\include\assimp</Filter></ClInclude>
    <ClInclude Include="externals\assimp\include\assimp\metadata.h"><Filter>externals\assimp\include\assimp</Filter></ClInclude>
    <ClInclude Include="externals\assimp\include\assimp\NullLogger.hpp"><Filter>externals\assimp\include\assimp</Filter></ClInclude>
    <ClInclude Include="externals\assimp\include\assimp\ObjMaterial.h"><Filter>externals\assimp\include\assimp</Filter></ClInclude>
    <ClInclude Include="externals\assimp\include\assimp\ParsingUtils.h"><Filter>externals\assimp\include\assimp</Filter></ClInclude>
    <ClInclude Include="externals\assimp\include\assimp\pbrmaterial.h"><Filter>externals\assimp\include\assimp</Filter></ClInclude>
    <ClInclude Include="externals\assimp\include\assimp\postprocess.h"><Filter>externals\assimp\include\assimp</Filter></ClInclude>
    <ClInclude Include="externals\assimp\include\assimp\Profiler.h"><Filter>externals\assimp\include\assimp</Filter></ClInclude>
    <ClInclude Include="externals\assimp\include\assimp\ProgressHandler.hpp"><Filter>externals\assimp\include\assimp</Filter></ClInclude>
    <ClInclude Include="externals\assimp\include\assimp\qnan.h"><Filter>externals\assimp\include\assimp</Filter></ClInclude>
    <ClInclude Include="externals\assimp\include\assimp\quaternion.h"><Filter>externals\assimp\include\assimp</Filter></ClInclude>
    <ClInclude Include="externals\assimp\include\assimp\RemoveComments.h"><Filter>externals\assimp\include\assimp</Filter></ClInclude>
    <ClInclude Include="externals\assimp\include\assimp\scene.h"><Filter>externals\assimp\include\assimp</Filter></ClInclude>
    <ClInclude Include="externals\assimp\include\assimp\SceneCombiner.h"><Filter>externals\assimp\include\assimp</Filter></ClInclude>
    <ClInclude Include="externals\assimp\include\assimp\SGSpatialSort.h"><Filter>externals\assimp\include\assimp</Filter></ClInclude>
    <ClInclude Include="externals\assimp\include\assimp\SkeletonMeshBuilder.h"><Filter>externals\assimp\include\assimp</Filter></ClInclude>
    <ClInclude Include="externals\assimp\include\assimp\SmallVector.h"><Filter>externals\assimp\include\assimp</Filter></ClInclude>
    <ClInclude Include="externals\assimp\include\assimp\SmoothingGroups.h"><Filter>externals\assimp\include\assimp</Filter></ClInclude>
    <ClInclude Include="externals\assimp\include\assimp\SpatialSort.h"><Filter>externals\assimp\include\assimp</Filter></ClInclude>
    <ClInclude Include="externals\assimp\include\assimp\StandardShapes.h"><Filter>externals\assimp\include\assimp</Filter></ClInclude>
    <ClInclude Include="externals\assimp\include\assimp\StreamReader.h"><Filter>externals\assimp\include\assimp</Filter></ClInclude>
    <ClInclude Include="externals\assimp\include\assimp\StreamWriter.h"><Filter>externals\assimp\include\assimp</Filter></ClInclude>
    <ClInclude Include="externals\assimp\include\assimp\StringComparison.h"><Filter>externals\assimp\include\assimp</Filter></ClInclude>
    <ClInclude Include="externals\assimp\include\assimp\StringUtils.h"><Filter>externals\assimp\include\assimp</Filter></ClInclude>
    <ClInclude Include="externals\assimp\include\assimp\Subdivision.h"><Filter>externals\assimp\include\assimp</Filter></ClInclude>
    <ClInclude Include="externals\assimp\include\assimp\texture.h"><Filter>externals\assimp\include\assimp</Filter></ClInclude>
    <ClInclude Include="externals\assimp\include\assimp\TinyFormatter.h"><Filter>externals\assimp\include\assimp</Filter></ClInclude>
    <ClInclude Include="externals\assimp\include\assimp\types.h"><Filter>externals\assimp\include\assimp</Filter></ClInclude>
    <ClInclude Include="externals\assimp\include\assimp\vector2.h"><Filter>externals\assimp\include\assimp</Filter></ClInclude>
    <ClInclude Include="externals\assimp\include\assimp\vector3.h"><Filter>externals\assimp\include\assimp</Filter></ClInclude>
    <ClInclude Include="externals\assimp\include\assimp\version.h"><Filter>externals\assimp\include\assimp</Filter></ClInclude>
    <ClInclude Include="externals\assimp\include\assimp\Vertex.h"><Filter>externals\assimp\include\assimp</Filter></ClInclude>
    <ClInclude Include="externals\assimp\include\assimp\XmlParser.h"><Filter>externals\assimp\include\assimp</Filter></ClInclude>
    <ClInclude Include="externals\assimp\include\assimp\XMLTools.h"><Filter>externals\assimp\include\assimp</Filter></ClInclude>
    <ClInclude Include="externals\assimp\include\assimp\ZipArchiveIOSystem.h"><Filter>externals\assimp\include\assimp</Filter></ClInclude>
    <ClInclude Include="externals\assimp\include\assimp\Compiler\poppack1.h"><Filter>externals\assimp\include\assimp\Compiler</Filter></ClInclude>
    <ClInclude Include="externals\assimp\include\assimp\Compiler\pstdint.h"><Filter>externals\assimp\include\assimp\Compiler</Filter></ClInclude>
    <ClInclude Include="externals\assimp\include\assimp\Compiler\pushpack1.h"><Filter>externals\assimp\include\assimp\Compiler</Filter></ClInclude>
    <ClInclude Include="externals\assimp\include\assimp\port\AndroidJNI\AndroidJNIIOSystem.h"><Filter>externals\assimp\include\assimp\port\AndroidJNI</Filter></ClInclude>
    <ClInclude Include="externals\assimp\include\assimp\port\AndroidJNI\BundledAssetIOSystem.h"><Filter>externals\assimp\include\assimp\port\AndroidJNI</Filter></ClInclude>
    <ClInclude Include="externals\DirectXTex\BC.h"><Filter>externals\DirectXTex</Filter></ClInclude>
    <ClInclude Include="externals\DirectXTex\BCDirectCompute.h"><Filter>externals\DirectXTex</Filter></ClInclude>
    <ClInclude Include="externals\DirectXTex\d3dx12.h"><Filter>externals\DirectXTex</Filter></ClInclude>
    <ClInclude Include="externals\DirectXTex\DDS.h"><Filter>externals\DirectXTex</Filter></ClInclude>
    <ClInclude Include="externals\DirectXTex\DirectXTex.h"><Filter>externals\DirectXTex</Filter></ClInclude>
    <ClInclude Include="externals\DirectXTex\DirectXTexP.h"><Filter>externals\DirectXTex</Filter></ClInclude>
    <ClInclude Include="externals\DirectXTex\filters.h"><Filter>externals\DirectXTex</Filter></ClInclude>
    <ClInclude Include="externals\DirectXTex\scoped.h"><Filter>externals\DirectXTex</Filter></ClInclude>
    <ClInclude Include="externals\imgui\imconfig.h"><Filter>externals\imgui</Filter></ClInclude>
    <ClInclude Include="externals\imgui\imgui.h"><Filter>externals\imgui</Filter></ClInclude>
    <ClInclude Include="externals\imgui\ImGuizmo.h"><Filter>externals\imgui</Filter></ClInclude>
    <ClInclude Include="externals\imgui\imgui_impl_dx12.h"><Filter>externals\imgui</Filter></ClInclude>
    <ClInclude Include="externals\imgui\imgui_impl_win32.h"><Filter>externals\imgui</Filter></ClInclude>
    <ClInclude Include="externals\imgui\imgui_internal.h"><Filter>externals\imgui</Filter></ClInclude>
    <ClInclude Include="externals\imgui\imstb_rectpack.h"><Filter>externals\imgui</Filter></ClInclude>
    <ClInclude Include="externals\imgui\imstb_textedit.h"><Filter>externals\imgui</Filter></ClInclude>
    <ClInclude Include="externals\imgui\imstb_truetype.h"><Filter>externals\imgui</Filter></ClInclude>
    <ClInclude Include="externals\nlohmannjson\json.hpp"><Filter>externals\nlohmannjson</Filter></ClInclude>
    <ClInclude Include="externals\spdlog\async.h"><Filter>externals\spdlog</Filter></ClInclude>
    <ClInclude Include="externals\spdlog\async_logger-inl.h"><Filter>externals\spdlog</Filter></ClInclude>
    <ClInclude Include="externals\spdlog\async_logger.h"><Filter>externals\spdlog</Filter></ClInclude>
    <ClInclude Include="externals\spdlog\common-inl.h"><Filter>externals\spdlog</Filter></ClInclude>
    <ClInclude Include="externals\spdlog\common.h"><Filter>externals\spdlog</Filter></ClInclude>
    <ClInclude Include="externals\spdlog\formatter.h"><Filter>externals\spdlog</Filter></ClInclude>
    <ClInclude Include="externals\spdlog\fwd.h"><Filter>externals\spdlog</Filter></ClInclude>
    <ClInclude Include="externals\spdlog\logger-inl.h"><Filter>externals\spdlog</Filter></ClInclude>
    <ClInclude Include="externals\spdlog\logger.h"><Filter>externals\spdlog</Filter></ClInclude>
    <ClInclude Include="externals\spdlog\mdc.h"><Filter>externals\spdlog</Filter></ClInclude>
    <ClInclude Include="externals\spdlog\pattern_formatter-inl.h"><Filter>externals\spdlog</Filter></ClInclude>
    <ClInclude Include="externals\spdlog\pattern_formatter.h"><Filter>externals\spdlog</Filter></ClInclude>
    <ClInclude Include="externals\spdlog\spdlog-inl.h"><Filter>externals\spdlog</Filter></ClInclude>
    <ClInclude Include="externals\spdlog\spdlog.h"><Filter>externals\spdlog</Filter></ClInclude>
    <ClInclude Include="externals\spdlog\stopwatch.h"><Filter>externals\spdlog</Filter></ClInclude>
    <ClInclude Include="externals\spdlog\tweakme.h"><Filter>externals\spdlog</Filter></ClInclude>
    <ClInclude Include="externals\spdlog\version.h"><Filter>externals\spdlog</Filter></ClInclude>
    <ClInclude Include="externals\spdlog\cfg\argv.h"><Filter>externals\spdlog\cfg</Filter></ClInclude>
    <ClInclude Include="externals\spdlog\cfg\env.h"><Filter>externals\spdlog\cfg</Filter></ClInclude>
    <ClInclude Include="externals\spdlog\cfg\helpers-inl.h"><Filter>externals\spdlog\cfg</Filter></ClInclude>
    <ClInclude Include="externals\spdlog\cfg\helpers.h"><Filter>externals\spdlog\cfg</Filter></ClInclude>
    <ClInclude Include="externals\spdlog\details\backtracer-inl.h"><Filter>externals\spdlog\details</Filter></ClInclude>
    <ClInclude Include="externals\spdlog\details\backtracer.h"><Filter>externals\spdlog\details</Filter></ClInclude>
    <ClInclude Include="externals\spdlog\details\circular_q.h"><Filter>externals\spdlog\details</Filter></ClInclude>
    <ClInclude Include="externals\spdlog\details\console_globals.h"><Filter>externals\spdlog\details</Filter></ClInclude>
    <ClInclude Include="externals\spdlog\details\file_helper-inl.h"><Filter>externals\spdlog\details</Filter></ClInclude>
    <ClInclude Include="externals\spdlog\details\file_helper.h"><Filter>externals\spdlog\details</Filter></ClInclude>
    <ClInclude Include="externals\spdlog\details\fmt_helper.h"><Filter>externals\spdlog\details</Filter></ClInclude>
    <ClInclude Include="externals\spdlog\details\log_msg-inl.h"><Filter>externals\spdlog\details</Filter></ClInclude>
    <ClInclude Include="externals\spdlog\details\log_msg.h"><Filter>externals\spdlog\details</Filter></ClInclude>
    <ClInclude Include="externals\spdlog\details\log_msg_buffer-inl.h"><Filter>externals\spdlog\details</Filter></ClInclude>
    <ClInclude Include="externals\spdlog\details\log_msg_buffer.h"><Filter>externals\spdlog\details</Filter></ClInclude>
    <ClInclude Include="externals\spdlog\details\mpmc_blocking_q.h"><Filter>externals\spdlog\details</Filter></ClInclude>
    <ClInclude Include="externals\spdlog\details\null_mutex.h"><Filter>externals\spdlog\details</Filter></ClInclude>
    <ClInclude Include="externals\spdlog\details\os-inl.h"><Filter>externals\spdlog\details</Filter></ClInclude>
    <ClInclude Include="externals\spdlog\details\os.h"><Filter>externals\spdlog\details</Filter></ClInclude>
    <ClInclude Include="externals\spdlog\details\periodic_worker-inl.h"><Filter>externals\spdlog\details</Filter></ClInclude>
    <ClInclude Include="externals\spdlog\details\periodic_worker.h"><Filter>externals\spdlog\details</Filter></ClInclude>
    <ClInclude Include="externals\spdlog\details\registry-inl.h"><Filter>externals\spdlog\details</Filter></ClInclude>
    <ClInclude Include="externals\spdlog\details\registry.h"><Filter>externals\spdlog\details</Filter></ClInclude>
    <ClInclude Include="externals\spdlog\details\synchronous_factory.h"><Filter>externals\spdlog\details</Filter></ClInclude>
    <ClInclude Include="externals\spdlog\details\tcp_client-windows.h"><Filter>externals\spdlog\details</Filter></ClInclude>
    <ClInclude Include="externals\spdlog\details\tcp_client.h"><Filter>externals\spdlog\details</Filter></ClInclude>
    <ClInclude Include="externals\spdlog\details\thread_pool-inl.h"><Filter>externals\spdlog\details</Filter></ClInclude>
    <ClInclude Include="externals\spdlog\details\thread_pool.h"><Filter>externals\spdlog\details</Filter></ClInclude>
    <ClInclude Include="externals\spdlog\details\udp_client-windows.h"><Filter>externals\spdlog\details</Filter></ClInclude>
    <ClInclude Include="externals\spdlog\details\udp_client.h"><Filter>externals\spdlog\details</Filter></ClInclude>
    <ClInclude Include="externals\spdlog\details\windows_include.h"><Filter>externals\spdlog\details</Filter></ClInclude>
    <ClInclude Include="externals\spdlog\fmt\bin_to_hex.h"><Filter>externals\spdlog\fmt</Filter></ClInclude>
    <ClInclude Include="externals\spdlog\fmt\chrono.h"><Filter>externals\spdlog\fmt</Filter></ClInclude>
    <ClInclude Include="externals\spdlog\fmt\compile.h"><Filter>externals\spdlog\fmt</Filter></ClInclude>
    <ClInclude Include="externals\spdlog\fmt\fmt.h"><Filter>externals\spdlog\fmt</Filter></ClInclude>
    <ClInclude Include="externals\spdlog\fmt\ostr.h"><Filter>externals\spdlog\fmt</Filter></ClInclude>
    <ClInclude Include="externals\spdlog\fmt\ranges.h"><Filter>externals\spdlog\fmt</Filter></ClInclude>
    <ClInclude Include="externals\spdlog\fmt\std.h"><Filter>externals\spdlog\fmt</Filter></ClInclude>
    <ClInclude Include="externals\spdlog\fmt\xchar.h"><Filter>externals\spdlog\fmt</Filter></ClInclude>
    <ClInclude Include="externals\spdlog\fmt\bundled\args.h"><Filter>externals\spdlog\fmt\bundled</Filter></ClInclude>
    <ClInclude Include="externals\spdlog\fmt\bundled\base.h"><Filter>externals\spdlog\fmt\bundled</Filter></ClInclude>
    <ClInclude Include="externals\spdlog\fmt\bundled\chrono.h"><Filter>externals\spdlog\fmt\bundled</Filter></ClInclude>
    <ClInclude Include="externals\spdlog\fmt\bundled\color.h"><Filter>externals\spdlog\fmt\bundled</Filter></ClInclude>
    <ClInclude Include="externals\spdlog\fmt\bundled\compile.h"><Filter>externals\spdlog\fmt\bundled</Filter></ClInclude>
    <ClInclude Include="externals\spdlog\fmt\bundled\core.h"><Filter>externals\spdlog\fmt\bundled</Filter></ClInclude>
    <ClInclude Include="externals\spdlog\fmt\bundled\format-inl.h"><Filter>externals\spdlog\fmt\bundled</Filter></ClInclude>
    <ClInclude Include="externals\spdlog\fmt\bundled\format.h"><Filter>externals\spdlog\fmt\bundled</Filter></ClInclude>
    <ClInclude Include="externals\spdlog\fmt\bundled\os.h"><Filter>externals\spdlog\fmt\bundled</Filter></ClInclude>
    <ClInclude Include="externals\spdlog\fmt\bundled\ostream.h"><Filter>externals\spdlog\fmt\bundled</Filter></ClInclude>
    <ClInclude Include="externals\spdlog\fmt\bundled\printf.h"><Filter>externals\spdlog\fmt\bundled</Filter></ClInclude>
    <ClInclude Include="externals\spdlog\fmt\bundled\ranges.h"><Filter>externals\spdlog\fmt\bundled</Filter></ClInclude>
    <ClInclude Include="externals\spdlog\fmt\bundled\std.h"><Filter>externals\spdlog\fmt\bundled</Filter></ClInclude>
    <ClInclude Include="externals\spdlog\fmt\bundled\xchar.h"><Filter>externals\spdlog\fmt\bundled</Filter></ClInclude>
    <ClInclude Include="externals\spdlog\sinks\android_sink.h"><Filter>externals\spdlog\sinks</Filter></ClInclude>
    <ClInclude Include="externals\spdlog\sinks\ansicolor_sink-inl.h"><Filter>externals\spdlog\sinks</Filter></ClInclude>
    <ClInclude Include="externals\spdlog\sinks\ansicolor_sink.h"><Filter>externals\spdlog\sinks</Filter></ClInclude>
    <ClInclude Include="externals\spdlog\sinks\base_sink-inl.h"><Filter>externals\spdlog\sinks</Filter></ClInclude>
    <ClInclude Include="externals\spdlog\sinks\base_sink.h"><Filter>externals\spdlog\sinks</Filter></ClInclude>
    <ClInclude Include="externals\spdlog\sinks\basic_file_sink-inl.h"><Filter>externals\spdlog\sinks</Filter></ClInclude>
    <ClInclude Include="externals\spdlog\sinks\basic_file_sink.h"><Filter>externals\spdlog\sinks</Filter></ClInclude>
    <ClInclude Include="externals\spdlog\sinks\callback_sink.h"><Filter>externals\spdlog\sinks</Filter></ClInclude>
    <ClInclude Include="externals\spdlog\sinks\daily_file_sink.h"><Filter>externals\spdlog\sinks</Filter></ClInclude>
    <ClInclude Include="externals\spdlog\sinks\dist_sink.h"><Filter>externals\spdlog\sinks</Filter></ClInclude>
    <ClInclude Include="externals\spdlog\sinks\dup_filter_sink.h"><Filter>externals\spdlog\sinks</Filter></ClInclude>
    <ClInclude Include="externals\spdlog\sinks\hourly_file_sink.h"><Filter>externals\spdlog\sinks</Filter></ClInclude>
    <ClInclude Include="externals\spdlog\sinks\kafka_sink.h"><Filter>externals\spdlog\sinks</Filter></ClInclude>
    <ClInclude Include="externals\spdlog\sinks\mongo_sink.h"><Filter>externals\spdlog\sinks</Filter></ClInclude>
    <ClInclude Include="externals\spdlog\sinks\msvc_sink.h"><Filter>externals\spdlog\sinks</Filter></ClInclude>
    <ClInclude Include="externals\spdlog\sinks\null_sink.h"><Filter>externals\spdlog\sinks</Filter></ClInclude>
    <ClInclude Include="externals\spdlog\sinks\ostream_sink.h"><Filter>externals\spdlog\sinks</Filter></ClInclude>
    <ClInclude Include="externals\spdlog\sinks\qt_sinks.h"><Filter>externals\spdlog\sinks</Filter></ClInclude>
    <ClInclude Include="externals\spdlog\sinks\ringbuffer_sink.h"><Filter>externals\spdlog\sinks</Filter></ClInclude>
    <ClInclude Include="externals\spdlog\sinks\rotating_file_sink-inl.h"><Filter>externals\spdlog\sinks</Filter></ClInclude>
    <ClInclude Include="externals\spdlog\sinks\rotating_file_sink.h"><Filter>externals\spdlog\sinks</Filter></ClInclude>
    <ClInclude Include="externals\spdlog\sinks\sink-inl.h"><Filter>externals\spdlog\sinks</Filter></ClInclude>
    <ClInclude Include="externals\spdlog\sinks\sink.h"><Filter>externals\spdlog\sinks</Filter></ClInclude>
    <ClInclude Include="externals\spdlog\sinks\stdout_color_sinks-inl.h"><Filter>externals\spdlog\sinks</Filter></ClInclude>
    <ClInclude Include="externals\spdlog\sinks\stdout_color_sinks.h"><Filter>externals\spdlog\sinks</Filter></ClInclude>
    <ClInclude Include="externals\spdlog\sinks\stdout_sinks-inl.h"><Filter>externals\spdlog\sinks</Filter></ClInclude>
    <ClInclude Include="externals\spdlog\sinks\stdout_sinks.h"><Filter>externals\spdlog\sinks</Filter></ClInclude>
    <ClInclude Include="externals\spdlog\sinks\syslog_sink.h"><Filter>externals\spdlog\sinks</Filter></ClInclude>
    <ClInclude Include="externals\spdlog\sinks\systemd_sink.h"><Filter>externals\spdlog\sinks</Filter></ClInclude>
    <ClInclude Include="externals\spdlog\sinks\tcp_sink.h"><Filter>externals\spdlog\sinks</Filter></ClInclude>
    <ClInclude Include="externals\spdlog\sinks\udp_sink.h"><Filter>externals\spdlog\sinks</Filter></ClInclude>
    <ClInclude Include="externals\spdlog\sinks\wincolor_sink-inl.h"><Filter>externals\spdlog\sinks</Filter></ClInclude>
    <ClInclude Include="externals\spdlog\sinks\wincolor_sink.h"><Filter>externals\spdlog\sinks</Filter></ClInclude>
    <ClInclude Include="externals\spdlog\sinks\win_eventlog_sink.h"><Filter>externals\spdlog\sinks</Filter></ClInclude>
  </ItemGroup>
</Project>
