<Project ToolsVersion="4.0" xmlns="http://schemas.microsoft.com/developer/msbuild/2003">
  <ItemGroup>
    <Filter Include="AppSource">
      <UniqueIdentifier>{b799b9b9-8978-4ec2-8351-bce086943080}</UniqueIdentifier>
    </Filter>
    <Filter Include="AppSource\Common">
      <UniqueIdentifier>{84d7257e-9cbb-4d68-bbd6-c3727c650dc8}</UniqueIdentifier>
    </Filter>
    <Filter Include="AppSource\Common\Camera">
      <UniqueIdentifier>{6c2eba8c-1fcb-4332-a467-18df6702a2f0}</UniqueIdentifier>
    </Filter>
    <Filter Include="AppSource\Common\DebugParam">
      <UniqueIdentifier>{289c8c85-ce8d-4c76-ae77-0625b69c7721}</UniqueIdentifier>
    </Filter>
    <Filter Include="AppSource\Common\KeyConfig">
      <UniqueIdentifier>{f22dae4f-650d-4fef-9a23-f55bb6d4bc36}</UniqueIdentifier>
    </Filter>
    <Filter Include="AppSource\Core">
      <UniqueIdentifier>{d295f994-bcf6-44ae-87f9-6e4eb0a3a2cd}</UniqueIdentifier>
    </Filter>
    <Filter Include="AppSource\Game">
      <UniqueIdentifier>{22a9b1bd-4194-46e9-a212-df3c44a0cc66}</UniqueIdentifier>
    </Filter>
    <Filter Include="AppSource\Game\MapData">
      <UniqueIdentifier>{02b17cc9-4482-43e8-b700-2528398a1ee2}</UniqueIdentifier>
    </Filter>
    <Filter Include="AppSource\Game\MapData\Data">
      <UniqueIdentifier>{45c9c5e9-b68a-4142-b809-c0659028b20a}</UniqueIdentifier>
    </Filter>
    <Filter Include="AppSource\MapEditor">
      <UniqueIdentifier>{c05a4a0e-3df4-4c05-898a-c80c59ccbada}</UniqueIdentifier>
    </Filter>
    <Filter Include="AppSource\MapEditor\Editor">
      <UniqueIdentifier>{d6cc91ee-5bf5-4c09-9a1f-6c52a6d17756}</UniqueIdentifier>
    </Filter>
    <Filter Include="AppSource\MapEditor\Editor\Data">
      <UniqueIdentifier>{9a2dd3d5-6bfa-4e00-a5ef-1a7c9916fc8e}</UniqueIdentifier>
    </Filter>
    <Filter Include="AppSource\Scene">
      <UniqueIdentifier>{76f1db2d-a799-4c2c-a5b2-3bc477d118b8}</UniqueIdentifier>
    </Filter>
    <Filter Include="AppSource\Scene\src">
      <UniqueIdentifier>{3784c63b-e7ee-47fe-b4a6-174db45ed37a}</UniqueIdentifier>
    </Filter>
    <Filter Include="AppSource\Test">
      <UniqueIdentifier>{4581e818-543f-41cd-a56b-24a38442efb2}</UniqueIdentifier>
    </Filter>
    <Filter Include="Engine">
      <UniqueIdentifier>{99642a3e-cf43-4e31-87c9-34cb46b63afb}</UniqueIdentifier>
    </Filter>
    <Filter Include="Engine\Assets">
      <UniqueIdentifier>{b5cb2b3d-6a9b-4c8d-b8c3-e98f739d9e25}</UniqueIdentifier>
    </Filter>
    <Filter Include="Engine\Assets\Audio">
      <UniqueIdentifier>{faf7ba06-f4ae-4a2e-9f88-e7258f10b2eb}</UniqueIdentifier>
    </Filter>
    <Filter Include="Engine\Assets\Audio\Data">
      <UniqueIdentifier>{481e6b78-6681-4069-82ae-102b57b43033}</UniqueIdentifier>
    </Filter>
    <Filter Include="Engine\Assets\Model">
      <UniqueIdentifier>{fc5aa038-de54-4ddc-b7cd-533b37650c58}</UniqueIdentifier>
    </Filter>
    <Filter Include="Engine\Assets\Texture">
      <UniqueIdentifier>{e7bc5f38-6f18-46de-82c9-b3a0d8604412}</UniqueIdentifier>
    </Filter>
    <Filter Include="Engine\Camera">
      <UniqueIdentifier>{1e4c2460-5345-43bb-8487-6a267771e774}</UniqueIdentifier>
    </Filter>
    <Filter Include="Engine\Collision">
      <UniqueIdentifier>{d40a4c61-3fbc-42c7-a822-85f3cc75dff2}</UniqueIdentifier>
    </Filter>
    <Filter Include="Engine\Collision\Data">
      <UniqueIdentifier>{2f291b48-0c01-4f32-8cf4-53e56c17dae4}</UniqueIdentifier>
    </Filter>
    <Filter Include="Engine\Core">
      <UniqueIdentifier>{081f5969-2d21-4b42-a595-6f57e14d2791}</UniqueIdentifier>
    </Filter>
    <Filter Include="Engine\Core\Data">
      <UniqueIdentifier>{01c62895-439c-4768-bc0b-e3f8cdd5d609}</UniqueIdentifier>
    </Filter>
    <Filter Include="Engine\Core\src">
      <UniqueIdentifier>{f7ab228c-2921-412b-b859-5257e33722e3}</UniqueIdentifier>
    </Filter>
    <Filter Include="Engine\Core\View">
      <UniqueIdentifier>{25983d92-9493-4b28-a0ce-741bc4c07e76}</UniqueIdentifier>
    </Filter>
    <Filter Include="Engine\Input">
      <UniqueIdentifier>{50f16de4-901f-4a6a-9b65-61fbca23b5d3}</UniqueIdentifier>
    </Filter>
    <Filter Include="Engine\PSO">
      <UniqueIdentifier>{a061b69a-dc2d-4d58-91ee-9c6f00edbb4e}</UniqueIdentifier>
    </Filter>
    <Filter Include="Engine\PSO\Shelf">
      <UniqueIdentifier>{7834c4ab-7b66-4dbf-b055-16b7ace8c611}</UniqueIdentifier>
    </Filter>
    <Filter Include="Engine\Render">
      <UniqueIdentifier>{cfdcd0a4-96be-4d91-9751-b885469af18f}</UniqueIdentifier>
    </Filter>
    <Filter Include="Engine\Screen">
      <UniqueIdentifier>{708aaf58-5c47-4983-b4d5-3eba2048037a}</UniqueIdentifier>
    </Filter>
    <Filter Include="Engine\Screen\Display">
      <UniqueIdentifier>{0e7cf4e5-f44b-49ae-8a6d-22e5f420de1d}</UniqueIdentifier>
    </Filter>
    <Filter Include="Engine\Screen\Display\src">
      <UniqueIdentifier>{1edfab59-d377-4065-8af3-5f535f2da7ae}</UniqueIdentifier>
    </Filter>
    <Filter Include="Engine\Tool">
      <UniqueIdentifier>{11120ab8-af50-4a93-9f7e-0d7ec5564ffe}</UniqueIdentifier>
    </Filter>
    <Filter Include="Engine\Tool\Binary">
      <UniqueIdentifier>{91b87605-580f-416c-ad0f-ed1cda40a550}</UniqueIdentifier>
    </Filter>
    <Filter Include="Engine\Tool\Binary\Data">
      <UniqueIdentifier>{812350e9-00e3-4db9-b2f7-c733746ba461}</UniqueIdentifier>
    </Filter>
    <Filter Include="Engine\Tool\Dump">
      <UniqueIdentifier>{0b4a1b17-846c-4e3f-8d09-78d63b91f003}</UniqueIdentifier>
    </Filter>
    <Filter Include="Engine\Tool\FPS">
      <UniqueIdentifier>{642dc766-17bf-4ae8-9e0e-d27a49091884}</UniqueIdentifier>
    </Filter>
    <Filter Include="Engine\Tool\Logger">
      <UniqueIdentifier>{1075e9a4-2d50-454f-9ca5-c11d4a22341f}</UniqueIdentifier>
    </Filter>
    <Filter Include="Engine\Utility">
      <UniqueIdentifier>{4e7f4454-2cc7-43e3-a855-707fe840975f}</UniqueIdentifier>
    </Filter>
    <Filter Include="Engine\Utility\src">
      <UniqueIdentifier>{ba1e1494-172f-40b1-a1ca-2e4f9eb3c391}</UniqueIdentifier>
    </Filter>
    <Filter Include="externals">
      <UniqueIdentifier>{1d105dd6-660d-474e-8bc2-84496eea1220}</UniqueIdentifier>
    </Filter>
    <Filter Include="externals\assimp">
      <UniqueIdentifier>{58a9fcf2-5a9c-4a75-abd1-128b75b1f342}</UniqueIdentifier>
    </Filter>
    <Filter Include="externals\assimp\include">
      <UniqueIdentifier>{35e62933-2117-4f7b-a09d-b9387771f90c}</UniqueIdentifier>
    </Filter>
    <Filter Include="externals\assimp\include\assimp">
      <UniqueIdentifier>{ff7d758b-a628-413f-884b-2a263daf4d3d}</UniqueIdentifier>
    </Filter>
    <Filter Include="externals\assimp\include\assimp\Compiler">
      <UniqueIdentifier>{2d0419a6-8715-4591-b805-f04b205cbfc8}</UniqueIdentifier>
    </Filter>
    <Filter Include="externals\assimp\include\assimp\port">
      <UniqueIdentifier>{ce610354-1269-44cf-9212-8a7e28c54cb9}</UniqueIdentifier>
    </Filter>
    <Filter Include="externals\assimp\include\assimp\port\AndroidJNI">
      <UniqueIdentifier>{36279051-a213-4254-9c0d-651e6e97c4be}</UniqueIdentifier>
    </Filter>
    <Filter Include="externals\DirectXTex">
      <UniqueIdentifier>{0074c8ca-926f-4bd1-bf4b-8e3be87608ee}</UniqueIdentifier>
    </Filter>
    <Filter Include="externals\imgui">
      <UniqueIdentifier>{cdeb5aba-e54e-4a67-8e4c-0cadbefec0ab}</UniqueIdentifier>
    </Filter>
    <Filter Include="externals\nlohmannjson">
      <UniqueIdentifier>{46495016-fa10-4b3f-b012-fc03ccc8114b}</UniqueIdentifier>
    </Filter>
    <Filter Include="externals\spdlog">
      <UniqueIdentifier>{ba282fb8-63da-49a8-b314-8b9545348d53}</UniqueIdentifier>
    </Filter>
    <Filter Include="externals\spdlog\cfg">
      <UniqueIdentifier>{84b1e856-50e6-4d38-a69b-01abf23121a2}</UniqueIdentifier>
    </Filter>
    <Filter Include="externals\spdlog\details">
      <UniqueIdentifier>{fcde5104-2be8-40c7-97d8-c0bdbefb535d}</UniqueIdentifier>
    </Filter>
    <Filter Include="externals\spdlog\fmt">
      <UniqueIdentifier>{7fb0a295-7fbb-47f5-af43-a86f7b566183}</UniqueIdentifier>
    </Filter>
    <Filter Include="externals\spdlog\fmt\bundled">
      <UniqueIdentifier>{b2dfe5d3-5e10-4144-9172-6e2eeb144b65}</UniqueIdentifier>
    </Filter>
    <Filter Include="externals\spdlog\sinks">
      <UniqueIdentifier>{cf217d04-fbe5-4eb0-89b9-26e0db93a28c}</UniqueIdentifier>
    </Filter>
  </ItemGroup>
  <ItemGroup>
    <ClCompile Include="main.cpp" />
    <ClCompile Include="AppSource\Common\GameWindow.cpp"><Filter>AppSource\Common</Filter></ClCompile>
    <ClCompile Include="AppSource\Common\Camera\GameCamera.cpp"><Filter>AppSource\Common\Camera</Filter></ClCompile>
    <ClCompile Include="AppSource\Common\DebugParam\GameParamEditor.cpp"><Filter>AppSource\Common\DebugParam</Filter></ClCompile>
    <ClCompile Include="AppSource\Common\DebugParam\HierarchyWindow.cpp"><Filter>AppSource\Common\DebugParam</Filter></ClCompile>
    <ClCompile Include="AppSource\Common\DebugParam\InspectorWindow.cpp"><Filter>AppSource\Common\DebugParam</Filter></ClCompile>
    <ClCompile Include="AppSource\Common\DebugParam\ParamManager.cpp"><Filter>AppSource\Common\DebugParam</Filter></ClCompile>
    <ClCompile Include="AppSource\Common\KeyConfig\KeyManager.cpp"><Filter>AppSource\Common\KeyConfig</Filter></ClCompile>
    <ClCompile Include="AppSource\Core\Terminal.cpp"><Filter>AppSource\Core</Filter></ClCompile>
    <ClCompile Include="AppSource\Game\GameScene.cpp"><Filter>AppSource\Game</Filter></ClCompile>
    <ClCompile Include="AppSource\Game\MapData\MapDataManager.cpp"><Filter>AppSource\Game\MapData</Filter></ClCompile>
    <ClCompile Include="AppSource\Game\MapData\Data\MapData.cpp"><Filter>AppSource\Game\MapData\Data</Filter></ClCompile>
    <ClCompile Include="AppSource\MapEditor\MapEditScene.cpp"><Filter>AppSource\MapEditor</Filter></ClCompile>
    <ClCompile Include="AppSource\MapEditor\Editor\MapEditor.cpp"><Filter>AppSource\MapEditor\Editor</Filter></ClCompile>
    <ClCompile Include="AppSource\MapEditor\Editor\MapEditWithImGui.cpp"><Filter>AppSource\MapEditor\Editor</Filter></ClCompile>
    <ClCompile Include="AppSource\MapEditor\Editor\Data\Campus.cpp"><Filter>AppSource\MapEditor\Editor\Data</Filter></ClCompile>
    <ClCompile Include="AppSource\MapEditor\Editor\Data\Pencil.cpp"><Filter>AppSource\MapEditor\Editor\Data</Filter></ClCompile>
    <ClCompile Include="AppSource\Scene\src\InitializeScene.cpp"><Filter>AppSource\Scene\src</Filter></ClCompile>
    <ClCompile Include="AppSource\Scene\src\IScene.cpp"><Filter>AppSource\Scene\src</Filter></ClCompile>
    <ClCompile Include="AppSource\Scene\src\SceneManager.cpp"><Filter>AppSource\Scene\src</Filter></ClCompile>
    <ClCompile Include="AppSource\Test\TestScene.cpp"><Filter>AppSource\Test</Filter></ClCompile>
    <ClCompile Include="Engine\SHEngine.cpp"><Filter>Engine</Filter></ClCompile>
    <ClCompile Include="Engine\Assets\Audio\AudioManager.cpp"><Filter>Engine\Assets\Audio</Filter></ClCompile>
    <ClCompile Include="Engine\Assets\Audio\Data\AudioData.cpp"><Filter>Engine\Assets\Audio\Data</Filter></ClCompile>
    <ClCompile Include="Engine\Assets\Audio\Data\MP3Data.cpp"><Filter>Engine\Assets\Audio\Data</Filter></ClCompile>
    <ClCompile Include="Engine\Assets\Audio\Data\WAVData.cpp"><Filter>Engine\Assets\Audio\Data</Filter></ClCompile>
    <ClCompile Include="Engine\Assets\Model\ModelLoader.cpp"><Filter>Engine\Assets\Model</Filter></ClCompile>
    <ClCompile Include="Engine\Assets\Model\ModelManager.cpp"><Filter>Engine\Assets\Model</Filter></ClCompile>
    <ClCompile Include="Engine\Assets\Texture\TextureData.cpp"><Filter>Engine\Assets\Texture</Filter></ClCompile>
    <ClCompile Include="Engine\Assets\Texture\TextureManager.cpp"><Filter>Engine\Assets\Texture</Filter></ClCompile>
    <ClCompile Include="Engine\Camera\Camera.cpp"><Filter>Engine\Camera</Filter></ClCompile>
    <ClCompile Include="Engine\Camera\DebugCamera.cpp"><Filter>Engine\Camera</Filter></ClCompile>
    <ClCompile Include="Engine\Collision\Collider.cpp"><Filter>Engine\Collision</Filter></ClCompile>
    <ClCompile Include="Engine\Collision\ColliderManager.cpp"><Filter>Engine\Collision</Filter></ClCompile>
    <ClCompile Include="Engine\Collision\Data\CollisionVisitor.cpp"><Filter>Engine\Collision\Data</Filter></ClCompile>
    <ClCompile Include="Engine\Core\Data\CommandObject.cpp"><Filter>Engine\Core\Data</Filter></ClCompile>
    <ClCompile Include="Engine\Core\src\CmdListManager.cpp"><Filter>Engine\Core\src</Filter></ClCompile>
    <ClCompile Include="Engine\Core\src\DXDevice.cpp"><Filter>Engine\Core\src</Filter></ClCompile>
    <ClCompile Include="Engine\Core\src\FenceManager.cpp"><Filter>Engine\Core\src</Filter></ClCompile>
    <ClCompile Include="Engine\Core\src\ImGuiforEngine.cpp"><Filter>Engine\Core\src</Filter></ClCompile>
    <ClCompile Include="Engine\Core\View\DSVManager.cpp"><Filter>Engine\Core\View</Filter></ClCompile>
    <ClCompile Include="Engine\Core\View\RTVManager.cpp"><Filter>Engine\Core\View</Filter></ClCompile>
    <ClCompile Include="Engine\Core\View\SRVManager.cpp"><Filter>Engine\Core\View</Filter></ClCompile>
    <ClCompile Include="Engine\Core\View\ViewFunc.cpp"><Filter>Engine\Core\View</Filter></ClCompile>
    <ClCompile Include="Engine\Input\Input.cpp"><Filter>Engine\Input</Filter></ClCompile>
    <ClCompile Include="Engine\PSO\PSOEditor.cpp"><Filter>Engine\PSO</Filter></ClCompile>
    <ClCompile Include="Engine\PSO\PSOManager.cpp"><Filter>Engine\PSO</Filter></ClCompile>
    <ClCompile Include="Engine\PSO\Shelf\BlendStateShelf.cpp"><Filter>Engine\PSO\Shelf</Filter></ClCompile>
    <ClCompile Include="Engine\PSO\Shelf\DepthStencilShelf.cpp"><Filter>Engine\PSO\Shelf</Filter></ClCompile>
    <ClCompile Include="Engine\PSO\Shelf\InputLayoutShelf.cpp"><Filter>Engine\PSO\Shelf</Filter></ClCompile>
    <ClCompile Include="Engine\PSO\Shelf\RasterizerShelf.cpp"><Filter>Engine\PSO\Shelf</Filter></ClCompile>
    <ClCompile Include="Engine\PSO\Shelf\RootSignatureShelf.cpp"><Filter>Engine\PSO\Shelf</Filter></ClCompile>
    <ClCompile Include="Engine\PSO\Shelf\ShaderShelf.cpp"><Filter>Engine\PSO\Shelf</Filter></ClCompile>
    <ClCompile Include="Engine\Render\DebugLine.cpp"><Filter>Engine\Render</Filter></ClCompile>
    <ClCompile Include="Engine\Render\DrawDataManager.cpp"><Filter>Engine\Render</Filter></ClCompile>
    <ClCompile Include="Engine\Render\PostEffect.cpp"><Filter>Engine\Render</Filter></ClCompile>
    <ClCompile Include="Engine\Render\RenderObject.cpp"><Filter>Engine\Render</Filter></ClCompile>
    <ClCompile Include="Engine\Screen\DualDisplay.cpp"><Filter>Engine\Screen</Filter></ClCompile>
    <ClCompile Include="Engine\Screen\Window.cpp"><Filter>Engine\Screen</Filter></ClCompile>
    <ClCompile Include="Engine\Screen\WindowMaker.cpp"><Filter>Engine\Screen</Filter></ClCompile>
    <ClCompile Include="Engine\Screen\Display\src\Display.cpp"><Filter>Engine\Screen\Display\src</Filter></ClCompile>
    <ClCompile Include="Engine\Screen\Display\src\IDisplay.cpp"><Filter>Engine\Screen\Display\src</Filter></ClCompile>
    <ClCompile Include="Engine\Screen\Display\src\SwapChain.cpp"><Filter>Engine\Screen\Display\src</Filter></ClCompile>
    <ClCompile Include="Engine\Screen\Display\src\WindowsApp.cpp"><Filter>Engine\Screen\Display\src</Filter></ClCompile>
    <ClCompile Include="Engine\Tool\Binary\BinaryManager.cpp"><Filter>Engine\Tool\Binary</Filter></ClCompile>
    <ClCompile Include="Engine\Tool\Binary\Data\BinaryInput.cpp"><Filter>Engine\Tool\Binary\Data</Filter></ClCompile>
    <ClCompile Include="Engine\Tool\Binary\Data\BinaryOutput.cpp"><Filter>Engine\Tool\Binary\Data</Filter></ClCompile>
    <ClCompile Include="Engine\Tool\Dump\CreateDump.cpp"><Filter>Engine\Tool\Dump</Filter></ClCompile>
    <ClCompile Include="Engine\Tool\FPS\FPSObserver.cpp"><Filter>Engine\Tool\FPS</Filter></ClCompile>
    <ClCompile Include="Engine\Tool\Logger\Logger.cpp"><Filter>Engine\Tool\Logger</Filter></ClCompile>
    <ClCompile Include="Engine\Utility\src\Color.cpp"><Filter>Engine\Utility\src</Filter></ClCompile>
    <ClCompile Include="Engine\Utility\src\ConvertString.cpp"><Filter>Engine\Utility\src</Filter></ClCompile>
    <ClCompile Include="Engine\Utility\src\DirectUtilFuncs.cpp"><Filter>Engine\Utility\src</Filter></ClCompile>
    <ClCompile Include="Engine\Utility\src\Easing.cpp"><Filter>Engine\Utility\src</Filter></ClCompile>
    <ClCompile Include="Engine\Utility\src\MatrixFactory.cpp"><Filter>Engine\Utility\src</Filter></ClCompile>
    <ClCompile Include="Engine\Utility\src\MyMath.cpp"><Filter>Engine\Utility\src</Filter></ClCompile>
    <ClCompile Include="Engine\Utility\src\Operator.cpp"><Filter>Engine\Utility\src</Filter></ClCompile>
    <ClCompile Include="Engine\Utility\src\SearchFile.cpp"><Filter>Engine\Utility\src</Filter></ClCompile>
  </ItemGroup>
  <ItemGroup>
    <ClInclude Include="AppSource\Common\GameWindow.h"><Filter>AppSource\Common</Filter></ClInclude>
    <ClInclude Include="AppSource\Common\Camera\GameCamera.h"><Filter>AppSource\Common\Camera</Filter></ClInclude>
    <ClInclude Include="AppSource\Common\DebugParam\GameParamEditor.h"><Filter>AppSource\Common\DebugParam</Filter></ClInclude>
    <ClInclude Include="AppSource\Common\DebugParam\HierarchyWindow.h"><Filter>AppSource\Common\DebugParam</Filter></ClInclude>
    <ClInclude Include="AppSource\Common\DebugParam\InspectorWindow.h"><Filter>AppSource\Common\DebugParam</Filter></ClInclude>
    <ClInclude Include="AppSource\Common\DebugParam\ParamManager.h"><Filter>AppSource\Common\DebugParam</Filter></ClInclude>
    <ClInclude Include="AppSource\Common\KeyConfig\KeyManager.h"><Filter>AppSource\Common\KeyConfig</Filter></ClInclude>
    <ClInclude Include="AppSource\Core\Terminal.h"><Filter>AppSource\Core</Filter></ClInclude>
    <ClInclude Include="AppSource\Game\GameScene.h"><Filter>AppSource\Game</Filter></ClInclude>
    <ClInclude Include="AppSource\Game\MapData\MapDataManager.h"><Filter>AppSource\Game\MapData</Filter></ClInclude>
    <ClInclude Include="AppSource\Game\MapData\Data\MapData.h"><Filter>AppSource\Game\MapData\Data</Filter></ClInclude>
    <ClInclude Include="AppSource\Game\MapData\Data\StageData.h"><Filter>AppSource\Game\MapData\Data</Filter></ClInclude>
    <ClInclude Include="AppSource\MapEditor\MapEditScene.h"><Filter>AppSource\MapEditor</Filter></ClInclude>
    <ClInclude Include="AppSource\MapEditor\Editor\MapEditor.h"><Filter>AppSource\MapEditor\Editor</Filter></ClInclude>
    <ClInclude Include="AppSource\MapEditor\Editor\MapEditWithImGui.h"><Filter>AppSource\MapEditor\Editor</Filter></ClInclude>
    <ClInclude Include="AppSource\MapEditor\Editor\Data\Campus.h"><Filter>AppSource\MapEditor\Editor\Data</Filter></ClInclude>
    <ClInclude Include="AppSource\MapEditor\Editor\Data\Pencil.h"><Filter>AppSource\MapEditor\Editor\Data</Filter></ClInclude>
    <ClInclude Include="AppSource\Scene\CommonData.h"><Filter>AppSource\Scene</Filter></ClInclude>
    <ClInclude Include="AppSource\Scene\InitializeScene.h"><Filter>AppSource\Scene</Filter></ClInclude>
    <ClInclude Include="AppSource\Scene\IScene.h"><Filter>AppSource\Scene</Filter></ClInclude>
    <ClInclude Include="AppSource\Scene\SceneManager.h"><Filter>AppSource\Scene</Filter></ClInclude>
    <ClInclude Include="AppSource\Test\TestScene.h"><Filter>AppSource\Test</Filter></ClInclude>
    <ClInclude Include="Engine\SHEngine.h"><Filter>Engine</Filter></ClInclude>
    <ClInclude Include="Engine\Assets\Audio\AudioManager.h"><Filter>Engine\Assets\Audio</Filter></ClInclude>
    <ClInclude Include="Engine\Assets\Audio\Data\AudioData.h"><Filter>Engine\Assets\Audio\Data</Filter></ClInclude>
    <ClInclude Include="Engine\Assets\Audio\Data\MP3Data.h"><Filter>Engine\Assets\Audio\Data</Filter></ClInclude>
    <ClInclude Include="Engine\Assets\Audio\Data\WAVData.h"><Filter>Engine\Assets\Audio\Data</Filter></ClInclude>
    <ClInclude Include="Engine\Assets\Model\ModelData.h"><Filter>Engine\Assets\Model</Filter></ClInclude>
    <ClInclude Include="Engine\Assets\Model\ModelLoader.h"><Filter>Engine\Assets\Model</Filter></ClInclude>
    <ClInclude Include="Engine\Assets\Model\ModelManager.h"><Filter>Engine\Assets\Model</Filter></ClInclude>
    <ClInclude Include="Engine\Assets\Texture\TextureData.h"><Filter>Engine\Assets\Texture</Filter></ClInclude>
    <ClInclude Include="Engine\Assets\Texture\TextureManager.h"><Filter>Engine\Assets\Texture</Filter></ClInclude>
    <ClInclude Include="Engine\Camera\Camera.h"><Filter>Engine\Camera</Filter></ClInclude>
    <ClInclude Include="Engine\Camera\DebugCamera.h"><Filter>Engine\Camera</Filter></ClInclude>
    <ClInclude Include="Engine\Collision\Collider.h"><Filter>Engine\Collision</Filter></ClInclude>
    <ClInclude Include="Engine\Collision\ColliderManager.h"><Filter>Engine\Collision</Filter></ClInclude>
    <ClInclude Include="Engine\Collision\Data\CollisionInfo.h"><Filter>Engine\Collision\Data</Filter></ClInclude>
    <ClInclude Include="Engine\Collision\Data\CollisionVisitor.h"><Filter>Engine\Collision\Data</Filter></ClInclude>
    <ClInclude Include="Engine\Core\CmdListManager.h"><Filter>Engine\Core</Filter></ClInclude>
    <ClInclude Include="Engine\Core\DXDevice.h"><Filter>Engine\Core</Filter></ClInclude>
    <ClInclude Include="Engine\Core\FenceManager.h"><Filter>Engine\Core</Filter></ClInclude>
    <ClInclude Include="Engine\Core\ImGuiforEngine.h"><Filter>Engine\Core</Filter></ClInclude>
    <ClInclude Include="Engine\Core\Data\CommandObject.h"><Filter>Engine\Core\Data</Filter></ClInclude>
    <ClInclude Include="Engine\Core\View\DSVManager.h"><Filter>Engine\Core\View</Filter></ClInclude>
    <ClInclude Include="Engine\Core\View\RTVManager.h"><Filter>Engine\Core\View</Filter></ClInclude>
    <ClInclude Include="Engine\Core\View\SRVManager.h"><Filter>Engine\Core\View</Filter></ClInclude>
    <ClInclude Include="Engine\Core\View\ViewFunc.h"><Filter>Engine\Core\View</Filter></ClInclude>
    <ClInclude Include="Engine\Input\Input.h"><Filter>Engine\Input</Filter></ClInclude>
    <ClInclude Include="Engine\PSO\PSOConfig.h"><Filter>Engine\PSO</Filter></ClInclude>
    <ClInclude Include="Engine\PSO\PSOEditor.h"><Filter>Engine\PSO</Filter></ClInclude>
    <ClInclude Include="Engine\PSO\PSOManager.h"><Filter>Engine\PSO</Filter></ClInclude>
    <ClInclude Include="Engine\PSO\Shelf\BlendStateShelf.h"><Filter>Engine\PSO\Shelf</Filter></ClInclude>
    <ClInclude Include="Engine\PSO\Shelf\DepthStencilShelf.h"><Filter>Engine\PSO\Shelf</Filter></ClInclude>
    <ClInclude Include="Engine\PSO\Shelf\InputLayoutShelf.h"><Filter>Engine\PSO\Shelf</Filter></ClInclude>
    <ClInclude Include="Engine\PSO\Shelf\RasterizerShelf.h"><Filter>Engine\PSO\Shelf</Filter></ClInclude>
    <ClInclude Include="Engine\PSO\Shelf\RootSignatureShelf.h"><Filter>Engine\PSO\Shelf</Filter></ClInclude>
    <ClInclude Include="Engine\PSO\Shelf\ShaderShelf.h"><Filter>Engine\PSO\Shelf</Filter></ClInclude>
    <ClInclude Include="Engine\Render\DebugLine.h"><Filter>Engine\Render</Filter></ClInclude>
    <ClInclude Include="Engine\Render\DrawDataManager.h"><Filter>Engine\Render</Filter></ClInclude>
    <ClInclude Include="Engine\Render\PostEffect.h"><Filter>Engine\Render</Filter></ClInclude>
    <ClInclude Include="Engine\Render\PostEffectData.h"><Filter>Engine\Render</Filter></ClInclude>
    <ClInclude Include="Engine\Render\RenderObject.h"><Filter>Engine\Render</Filter></ClInclude>
    <ClInclude Include="Engine\Screen\DualDisplay.h"><Filter>Engine\Screen</Filter></ClInclude>
    <ClInclude Include="Engine\Screen\Window.h"><Filter>Engine\Screen</Filter></ClInclude>
    <ClInclude Include="Engine\Screen\WindowMaker.h"><Filter>Engine\Screen</Filter></ClInclude>
    <ClInclude Include="Engine\Screen\Display\Display.h"><Filter>Engine\Screen\Display</Filter></ClInclude>
    <ClInclude Include="Engine\Screen\Display\IDisplay.h"><Filter>Engine\Screen\Display</Filter></ClInclude>
    <ClInclude Include="Engine\Screen\Display\SwapChain.h"><Filter>Engine\Screen\Display</Filter></ClInclude>
    <ClInclude Include="Engine\Screen\Display\WindowsApp.h"><Filter>Engine\Screen\Display</Filter></ClInclude>
    <ClInclude Include="Engine\Tool\Binary\BinaryManager.h"><Filter>Engine\Tool\Binary</Filter></ClInclude>
    <ClInclude Include="Engine\Tool\Binary\Data\BinaryInput.h"><Filter>Engine\Tool\Binary\Data</Filter></ClInclude>
    <ClInclude Include="Engine\Tool\Binary\Data\BinaryOutput.h"><Filter>Engine\Tool\Binary\Data</Filter></ClInclude>
    <ClInclude Include="Engine\Tool\Binary\Data\Value.h"><Filter>Engine\Tool\Binary\Data</Filter></ClInclude>
    <ClInclude Include="Engine\Tool\Dump\CreateDump.h"><Filter>Engine\Tool\Dump</Filter></ClInclude>
    <ClInclude Include="Engine\Tool\FPS\FPSObserver.h"><Filter>Engine\Tool\FPS</Filter></ClInclude>
    <ClInclude Include="Engine\Tool\Logger\Logger.h"><Filter>Engine\Tool\Logger</Filter></ClInclude>
    <ClInclude Include="Engine\Utility\Color.h"><Filter>Engine\Utility</Filter></ClInclude>
    <ClInclude Include="Engine\Utility\ConvertString.h"><Filter>Engine\Utility</Filter></ClInclude>
    <ClInclude Include="Engine\Utility\DataStructures.h"><Filter>Engine\Utility</Filter></ClInclude>
    <ClInclude Include="Engine\Utility\DirectUtilFuncs.h"><Filter>Engine\Utility</Filter></ClInclude>
    <ClInclude Include="Engine\Utility\Easing.h"><Filter>Engine\Utility</Filter></ClInclude>
    <ClInclude Include="Engine\Utility\Matrix.h"><Filter>Engine\Utility</Filter></ClInclude>
    <ClInclude Include="Engine\Utility\MatrixFactory.h"><Filter>Engine\Utility</Filter></ClInclude>
    <ClInclude Include="Engine\Utility\MyMath.h"><Filter>Engine\Utility</Filter></ClInclude>
    <ClInclude Include="Engine\Utility\Operator.h"><Filter>Engine\Utility</Filter></ClInclude>
    <ClInclude Include="Engine\Utility\Quaternion.h"><Filter>Engine\Utility</Filter></ClInclude>
    <ClInclude Include="Engine\Utility\SearchFile.h"><Filter>Engine\Utility</Filter></ClInclude>
    <ClInclude Include="Engine\Utility\Vector.h"><Filter>Engine\Utility</Filter></ClInclude>
    <ClInclude Include="externals\assimp\include\assimp\aabb.h"><Filter>externals\assimp\include\assimp</Filter></ClInclude>
    <ClInclude Include="externals\assimp\include\assimp\ai_assert.h"><Filter>externals\assimp\include\assimp</Filter></ClInclude>
    <ClInclude Include="externals\assimp\include\assimp\anim.h"><Filter>externals\assimp\include\assimp</Filter></ClInclude>
    <ClInclude Include="externals\assimp\include\assimp\AssertHandler.h"><Filter>externals\assimp\include\assimp</Filter></ClInclude>
    <ClInclude Include="externals\assimp\include\assimp\Base64.hpp"><Filter>externals\assimp\include\assimp</Filter></ClInclude>
    <ClInclude Include="externals\assimp\include\assimp\BaseImporter.h"><Filter>externals\assimp\include\assimp</Filter></ClInclude>
    <ClInclude Include="externals\assimp\include\assimp\Bitmap.h"><Filter>externals\assimp\include\assimp</Filter></ClInclude>
    <ClInclude Include="externals\assimp\include\assimp\BlobIOSystem.h"><Filter>externals\assimp\include\assimp</Filter></ClInclude>
    <ClInclude Include="externals\assimp\include\assimp\ByteSwapper.h"><Filter>externals\assimp\include\assimp</Filter></ClInclude>
    <ClInclude Include="externals\assimp\include\assimp\camera.h"><Filter>externals\assimp\include\assimp</Filter></ClInclude>
    <ClInclude Include="externals\assimp\include\assimp\cexport.h"><Filter>externals\assimp\include\assimp</Filter></ClInclude>
    <ClInclude Include="externals\assimp\include\assimp\cfileio.h"><Filter>externals\assimp\include\assimp</Filter></ClInclude>
    <ClInclude Include="externals\assimp\include\assimp\cimport.h"><Filter>externals\assimp\include\assimp</Filter></ClInclude>
    <ClInclude Include="externals\assimp\include\assimp\ColladaMetaData.h"><Filter>externals\assimp\include\assimp</Filter></ClInclude>
    <ClInclude Include="externals\assimp\include\assimp\color4.h"><Filter>externals\assimp\include\assimp</Filter></ClInclude>
    <ClInclude Include="externals\assimp\include\assimp\commonMetaData.h"><Filter>externals\assimp\include\assimp</Filter></ClInclude>
    <ClInclude Include="externals\assimp\include\assimp\config.h"><Filter>externals\assimp\include\assimp</Filter></ClInclude>
    <ClInclude Include="externals\assimp\include\assimp\CreateAnimMesh.h"><Filter>externals\assimp\include\assimp</Filter></ClInclude>
    <ClInclude Include="externals\assimp\include\assimp\DefaultIOStream.h"><Filter>externals\assimp\include\assimp</Filter></ClInclude>
    <ClInclude Include="externals\assimp\include\assimp\DefaultIOSystem.h"><Filter>externals\assimp\include\assimp</Filter></ClInclude>
    <ClInclude Include="externals\assimp\include\assimp\DefaultLogger.hpp"><Filter>externals\assimp\include\assimp</Filter></ClInclude>
    <ClInclude Include="externals\assimp\include\assimp\defs.h"><Filter>externals\assimp\include\assimp</Filter></ClInclude>
    <ClInclude Include="externals\assimp\include\assimp\Exceptional.h"><Filter>externals\assimp\include\assimp</Filter></ClInclude>
    <ClInclude Include="externals\assimp\include\assimp\Exporter.hpp"><Filter>externals\assimp\include\assimp</Filter></ClInclude>
    <ClInclude Include="externals\assimp\include\assimp\fast_atof.h"><Filter>externals\assimp\include\assimp</Filter></ClInclude>
    <ClInclude Include="externals\assimp\include\assimp\GenericProperty.h"><Filter>externals\assimp\include\assimp</Filter></ClInclude>
    <ClInclude Include="externals\assimp\include\assimp\GltfMaterial.h"><Filter>externals\assimp\include\assimp</Filter></ClInclude>
    <ClInclude Include="externals\assimp\include\assimp\Hash.h"><Filter>externals\assimp\include\assimp</Filter></ClInclude>
    <ClInclude Include="externals\assimp\include\assimp\Importer.hpp"><Filter>externals\assimp\include\assimp</Filter></ClInclude>
    <ClInclude Include="externals\assimp\include\assimp\importerdesc.h"><Filter>externals\assimp\include\assimp</Filter></ClInclude>
    <ClInclude Include="externals\assimp\include\assimp\IOStream.hpp"><Filter>externals\assimp\include\assimp</Filter></ClInclude>
    <ClInclude Include="externals\assimp\include\assimp\IOStreamBuffer.h"><Filter>externals\assimp\include\assimp</Filter></ClInclude>
    <ClInclude Include="externals\assimp\include\assimp\IOSystem.hpp"><Filter>externals\assimp\include\assimp</Filter></ClInclude>
    <ClInclude Include="externals\assimp\include\assimp\light.h"><Filter>externals\assimp\include\assimp</Filter></ClInclude>
    <ClInclude Include="externals\assimp\include\assimp\LineSplitter.h"><Filter>externals\assimp\include\assimp</Filter></ClInclude>
    <ClInclude Include="externals\assimp\include\assimp\LogAux.h"><Filter>externals\assimp\include\assimp</Filter></ClInclude>
    <ClInclude Include="externals\assimp\include\assimp\Logger.hpp"><Filter>externals\assimp\include\assimp</Filter></ClInclude>
    <ClInclude Include="externals\assimp\include\assimp\LogStream.hpp"><Filter>externals\assimp\include\assimp</Filter></ClInclude>
    <ClInclude Include="externals\assimp\include\assimp\material.h"><Filter>externals\assimp\include\assimp</Filter></ClInclude>
    <ClInclude Include="externals\assimp\include\assimp\MathFunctions.h"><Filter>externals\assimp\include\assimp</Filter></ClInclude>
    <ClInclude Include="externals\assimp\include\assimp\matrix3x3.h"><Filter>externals\assimp\include\assimp</Filter></ClInclude>
    <ClInclude Include="externals\assimp\include\assimp\matrix4x4.h"><Filter>externals\assimp\include\assimp</Filter></ClInclude>
    <ClInclude Include="externals\assimp\include\assimp\MemoryIOWrapper.h"><Filter>externals\assimp\include\assimp</Filter></ClInclude>
    <ClInclude Include="externals\assimp\include\assimp\mesh.h"><Filter>externals\assimp\include\assimp</Filter></ClInclude>
    <ClInclude Include="externals\assimp\include\assimp\metadata.h"><Filter>externals\assimp\include\assimp</Filter></ClInclude>
    <ClInclude Include="externals\assimp\include\assimp\NullLogger.hpp"><Filter>externals\assimp\include\assimp</Filter></ClInclude>
    <ClInclude Include="externals\assimp\include\assimp\ObjMaterial.h"><Filter>externals\assimp\include\assimp</Filter></ClInclude>
    <ClInclude Include="externals\assimp\include\assimp\ParsingUtils.h"><Filter>externals\assimp\include\assimp</Filter></ClInclude>
    <ClInclude Include="externals\assimp\include\assimp\pbrmaterial.h"><Filter>externals\assimp\include\assimp</Filter></ClInclude>
    <ClInclude Include="externals\assimp\include\assimp\postprocess.h"><Filter>externals\assimp\include\assimp</Filter></ClInclude>
    <ClInclude Include="externals\assimp\include\assimp\Profiler.h"><Filter>externals\assimp\include\assimp</Filter></ClInclude>
    <ClInclude Include="externals\assimp\include\assimp\ProgressHandler.hpp"><Filter>externals\assimp\include\assimp</Filter></ClInclude>
    <ClInclude Include="externals\assimp\include\assimp\qnan.h"><Filter>externals\assimp\include\assimp</Filter></ClInclude>
    <ClInclude Include="externals\assimp\include\assimp\quaternion.h"><Filter>externals\assimp\include\assimp</Filter></ClInclude>
    <ClInclude Include="externals\assimp\include\assimp\RemoveComments.h"><Filter>externals\assimp\include\assimp</Filter></ClInclude>
    <ClInclude Include="externals\assimp\include\assimp\scene.h"><Filter>externals\assimp\include\assimp</Filter></ClInclude>
    <ClInclude Include="externals\assimp\include\assimp\SceneCombiner.h"><Filter>externals\assimp\include\assimp</Filter></ClInclude>
    <ClInclude Include="externals\assimp\include\assimp\SGSpatialSort.h"><Filter>externals\assimp\include\assimp</Filter></ClInclude>
    <ClInclude Include="externals\assimp\include\assimp\SkeletonMeshBuilder.h"><Filter>externals\assimp\include\assimp</Filter></ClInclude>
    <ClInclude Include="externals\assimp\include\assimp\SmallVector.h"><Filter>externals\assimp\include\assimp</Filter></ClInclude>
    <ClInclude Include="externals\assimp\include\assimp\SmoothingGroups.h"><Filter>externals\assimp\include\assimp</Filter></ClInclude>
    <ClInclude Include="externals\assimp\include\assimp\SpatialSort.h"><Filter>externals\assimp\include\assimp</Filter></ClInclude>
    <ClInclude Include="externals\assimp\include\assimp\StandardShapes.h"><Filter>externals\assimp\include\assimp</Filter></ClInclude>
    <ClInclude Include="externals\assimp\include\assimp\StreamReader.h"><Filter>externals\assimp\include\assimp</Filter></ClInclude>
    <ClInclude Include="externals\assimp\include\assimp\StreamWriter.h"><Filter>externals\assimp\include\assimp</Filter></ClInclude>
    <ClInclude Include="externals\assimp\include\assimp\StringComparison.h"><Filter>externals\assimp\include\assimp</Filter></ClInclude>
    <ClInclude Include="externals\assimp\include\assimp\StringUtils.h"><Filter>externals\assimp\include\assimp</Filter></ClInclude>
    <ClInclude Include="externals\assimp\include\assimp\Subdivision.h"><Filter>externals\assimp\include\assimp</Filter></ClInclude>
    <ClInclude Include="externals\assimp\include\assimp\texture.h"><Filter>externals\assimp\include\assimp</Filter></ClInclude>
    <ClInclude Include="externals\assimp\include\assimp\TinyFormatter.h"><Filter>externals\assimp\include\assimp</Filter></ClInclude>
    <ClInclude Include="externals\assimp\include\assimp\types.h"><Filter>externals\assimp\include\assimp</Filter></ClInclude>
    <ClInclude Include="externals\assimp\include\assimp\vector2.h"><Filter>externals\assimp\include\assimp</Filter></ClInclude>
    <ClInclude Include="externals\assimp\include\assimp\vector3.h"><Filter>externals\assimp\include\assimp</Filter></ClInclude>
    <ClInclude Include="externals\assimp\include\assimp\version.h"><Filter>externals\assimp\include\assimp</Filter></ClInclude>
    <ClInclude Include="externals\assimp\include\assimp\Vertex.h"><Filter>externals\assimp\include\assimp</Filter></ClInclude>
    <ClInclude Include="externals\assimp\include\assimp\XmlParser.h"><Filter>externals\assimp\include\assimp</Filter></ClInclude>
    <ClInclude Include="externals\assimp\include\assimp\XMLTools.h"><Filter>externals\assimp\include\assimp</Filter></ClInclude>
    <ClInclude Include="externals\assimp\include\assimp\ZipArchiveIOSystem.h"><Filter>externals\assimp\include\assimp</Filter></ClInclude>
    <ClInclude Include="externals\assimp\include\assimp\Compiler\poppack1.h"><Filter>externals\assimp\include\assimp\Compiler</Filter></ClInclude>
    <ClInclude Include="externals\assimp\include\assimp\Compiler\pstdint.h"><Filter>externals\assimp\include\assimp\Compiler</Filter></ClInclude>
    <ClInclude Include="externals\assimp\include\assimp\Compiler\pushpack1.h"><Filter>externals\assimp\include\assimp\Compiler</Filter></ClInclude>
    <ClInclude Include="externals\assimp\include\assimp\port\AndroidJNI\AndroidJNIIOSystem.h"><Filter>externals\assimp\include\assimp\port\AndroidJNI</Filter></ClInclude>
    <ClInclude Include="externals\assimp\include\assimp\port\AndroidJNI\BundledAssetIOSystem.h"><Filter>externals\assimp\include\assimp\port\AndroidJNI</Filter></ClInclude>
    <ClInclude Include="externals\DirectXTex\BC.h"><Filter>externals\DirectXTex</Filter></ClInclude>
    <ClInclude Include="externals\DirectXTex\BCDirectCompute.h"><Filter>externals\DirectXTex</Filter></ClInclude>
    <ClInclude Include="externals\DirectXTex\d3dx12.h"><Filter>externals\DirectXTex</Filter></ClInclude>
    <ClInclude Include="externals\DirectXTex\DDS.h"><Filter>externals\DirectXTex</Filter></ClInclude>
    <ClInclude Include="externals\DirectXTex\DirectXTex.h"><Filter>externals\DirectXTex</Filter></ClInclude>
    <ClInclude Include="externals\DirectXTex\DirectXTexP.h"><Filter>externals\DirectXTex</Filter></ClInclude>
    <ClInclude Include="externals\DirectXTex\filters.h"><Filter>externals\DirectXTex</Filter></ClInclude>
    <ClInclude Include="externals\DirectXTex\scoped.h"><Filter>externals\DirectXTex</Filter></ClInclude>
    <ClInclude Include="externals\imgui\imconfig.h"><Filter>externals\imgui</Filter></ClInclude>
    <ClInclude Include="externals\imgui\imgui.h"><Filter>externals\imgui</Filter></ClInclude>
    <ClInclude Include="externals\imgui\ImGuizmo.h"><Filter>externals\imgui</Filter></ClInclude>
    <ClInclude Include="externals\imgui\imgui_impl_dx12.h"><Filter>externals\imgui</Filter></ClInclude>
    <ClInclude Include="externals\imgui\imgui_impl_win32.h"><Filter>externals\imgui</Filter></ClInclude>
    <ClInclude Include="externals\imgui\imgui_internal.h"><Filter>externals\imgui</Filter></ClInclude>
    <ClInclude Include="externals\imgui\imstb_rectpack.h"><Filter>externals\imgui</Filter></ClInclude>
    <ClInclude Include="externals\imgui\imstb_textedit.h"><Filter>externals\imgui</Filter></ClInclude>
    <ClInclude Include="externals\imgui\imstb_truetype.h"><Filter>externals\imgui</Filter></ClInclude>
    <ClInclude Include="externals\nlohmannjson\json.hpp"><Filter>externals\nlohmannjson</Filter></ClInclude>
    <ClInclude Include="externals\spdlog\async.h"><Filter>externals\spdlog</Filter></ClInclude>
    <ClInclude Include="externals\spdlog\async_logger-inl.h"><Filter>externals\spdlog</Filter></ClInclude>
    <ClInclude Include="externals\spdlog\async_logger.h"><Filter>externals\spdlog</Filter></ClInclude>
    <ClInclude Include="externals\spdlog\common-inl.h"><Filter>externals\spdlog</Filter></ClInclude>
    <ClInclude Include="externals\spdlog\common.h"><Filter>externals\spdlog</Filter></ClInclude>
    <ClInclude Include="externals\spdlog\formatter.h"><Filter>externals\spdlog</Filter></ClInclude>
    <ClInclude Include="externals\spdlog\fwd.h"><Filter>externals\spdlog</Filter></ClInclude>
    <ClInclude Include="externals\spdlog\logger-inl.h"><Filter>externals\spdlog</Filter></ClInclude>
    <ClInclude Include="externals\spdlog\logger.h"><Filter>externals\spdlog</Filter></ClInclude>
    <ClInclude Include="externals\spdlog\mdc.h"><Filter>externals\spdlog</Filter></ClInclude>
    <ClInclude Include="externals\spdlog\pattern_formatter-inl.h"><Filter>externals\spdlog</Filter></ClInclude>
    <ClInclude Include="externals\spdlog\pattern_formatter.h"><Filter>externals\spdlog</Filter></ClInclude>
    <ClInclude Include="externals\spdlog\spdlog-inl.h"><Filter>externals\spdlog</Filter></ClInclude>
    <ClInclude Include="externals\spdlog\spdlog.h"><Filter>externals\spdlog</Filter></ClInclude>
    <ClInclude Include="externals\spdlog\stopwatch.h"><Filter>externals\spdlog</Filter></ClInclude>
    <ClInclude Include="externals\spdlog\tweakme.h"><Filter>externals\spdlog</Filter></ClInclude>
    <ClInclude Include="externals\spdlog\version.h"><Filter>externals\spdlog</Filter></ClInclude>
    <ClInclude Include="externals\spdlog\cfg\argv.h"><Filter>externals\spdlog\cfg</Filter></ClInclude>
    <ClInclude Include="externals\spdlog\cfg\env.h"><Filter>externals\spdlog\cfg</Filter></ClInclude>
    <ClInclude Include="externals\spdlog\cfg\helpers-inl.h"><Filter>externals\spdlog\cfg</Filter></ClInclude>
    <ClInclude Include="externals\spdlog\cfg\helpers.h"><Filter>externals\spdlog\cfg</Filter></ClInclude>
    <ClInclude Include="externals\spdlog\details\backtracer-inl.h"><Filter>externals\spdlog\details</Filter></ClInclude>
    <ClInclude Include="externals\spdlog\details\backtracer.h"><Filter>externals\spdlog\details</Filter></ClInclude>
    <ClInclude Include="externals\spdlog\details\circular_q.h"><Filter>externals\spdlog\details</Filter></ClInclude>
    <ClInclude Include="externals\spdlog\details\console_globals.h"><Filter>externals\spdlog\details</Filter></ClInclude>
    <ClInclude Include="externals\spdlog\details\file_helper-inl.h"><Filter>externals\spdlog\details</Filter></ClInclude>
    <ClInclude Include="externals\spdlog\details\file_helper.h"><Filter>externals\spdlog\details</Filter></ClInclude>
    <ClInclude Include="externals\spdlog\details\fmt_helper.h"><Filter>externals\spdlog\details</Filter></ClInclude>
    <ClInclude Include="externals\spdlog\details\log_msg-inl.h"><Filter>externals\spdlog\details</Filter></ClInclude>
    <ClInclude Include="externals\spdlog\details\log_msg.h"><Filter>externals\spdlog\details</Filter></ClInclude>
    <ClInclude Include="externals\spdlog\details\log_msg_buffer-inl.h"><Filter>externals\spdlog\details</Filter></ClInclude>
    <ClInclude Include="externals\spdlog\details\log_msg_buffer.h"><Filter>externals\spdlog\details</Filter></ClInclude>
    <ClInclude Include="externals\spdlog\details\mpmc_blocking_q.h"><Filter>externals\spdlog\details</Filter></ClInclude>
    <ClInclude Include="externals\spdlog\details\null_mutex.h"><Filter>externals\spdlog\details</Filter></ClInclude>
    <ClInclude Include="externals\spdlog\details\os-inl.h"><Filter>externals\spdlog\details</Filter></ClInclude>
    <ClInclude Include="externals\spdlog\details\os.h"><Filter>externals\spdlog\details</Filter></ClInclude>
    <ClInclude Include="externals\spdlog\details\periodic_worker-inl.h"><Filter>externals\spdlog\details</Filter></ClInclude>
    <ClInclude Include="externals\spdlog\details\periodic_worker.h"><Filter>externals\spdlog\details</Filter></ClInclude>
    <ClInclude Include="externals\spdlog\details\registry-inl.h"><Filter>externals\spdlog\details</Filter></ClInclude>
    <ClInclude Include="externals\spdlog\details\registry.h"><Filter>externals\spdlog\details</Filter></ClInclude>
    <ClInclude Include="externals\spdlog\details\synchronous_factory.h"><Filter>externals\spdlog\details</Filter></ClInclude>
    <ClInclude Include="externals\spdlog\details\tcp_client-windows.h"><Filter>externals\spdlog\details</Filter></ClInclude>
    <ClInclude Include="externals\spdlog\details\tcp_client.h"><Filter>externals\spdlog\details</Filter></ClInclude>
    <ClInclude Include="externals\spdlog\details\thread_pool-inl.h"><Filter>externals\spdlog\details</Filter></ClInclude>
    <ClInclude Include="externals\spdlog\details\thread_pool.h"><Filter>externals\spdlog\details</Filter></ClInclude>
    <ClInclude Include="externals\spdlog\details\udp_client-windows.h"><Filter>externals\spdlog\details</Filter></ClInclude>
    <ClInclude Include="externals\spdlog\details\udp_client.h"><Filter>externals\spdlog\details</Filter></ClInclude>
    <ClInclude Include="externals\spdlog\details\windows_include.h"><Filter>externals\spdlog\details</Filter></ClInclude>
    <ClInclude Include="externals\spdlog\fmt\bin_to_hex.h"><Filter>externals\spdlog\fmt</Filter></ClInclude>
    <ClInclude Include="externals\spdlog\fmt\chrono.h"><Filter>externals\spdlog\fmt</Filter></ClInclude>
    <ClInclude Include="externals\spdlog\fmt\compile.h"><Filter>externals\spdlog\fmt</Filter></ClInclude>
    <ClInclude Include="externals\spdlog\fmt\fmt.h"><Filter>externals\spdlog\fmt</Filter></ClInclude>
    <ClInclude Include="externals\spdlog\fmt\ostr.h"><Filter>externals\spdlog\fmt</Filter></ClInclude>
    <ClInclude Include="externals\spdlog\fmt\ranges.h"><Filter>externals\spdlog\fmt</Filter></ClInclude>
    <ClInclude Include="externals\spdlog\fmt\std.h"><Filter>externals\spdlog\fmt</Filter></ClInclude>
    <ClInclude Include="externals\spdlog\fmt\xchar.h"><Filter>externals\spdlog\fmt</Filter></ClInclude>
    <ClInclude Include="externals\spdlog\fmt\bundled\args.h"><Filter>externals\spdlog\fmt\bundled</Filter></ClInclude>
    <ClInclude Include="externals\spdlog\fmt\bundled\base.h"><Filter>externals\spdlog\fmt\bundled</Filter></ClInclude>
    <ClInclude Include="externals\spdlog\fmt\bundled\chrono.h"><Filter>externals\spdlog\fmt\bundled</Filter></ClInclude>
    <ClInclude Include="externals\spdlog\fmt\bundled\color.h"><Filter>externals\spdlog\fmt\bundled</Filter></ClInclude>
    <ClInclude Include="externals\spdlog\fmt\bundled\compile.h"><Filter>externals\spdlog\fmt\bundled</Filter></ClInclude>
    <ClInclude Include="externals\spdlog\fmt\bundled\core.h"><Filter>externals\spdlog\fmt\bundled</Filter></ClInclude>
    <ClInclude Include="externals\spdlog\fmt\bundled\format-inl.h"><Filter>externals\spdlog\fmt\bundled</Filter></ClInclude>
    <ClInclude Include="externals\spdlog\fmt\bundled\format.h"><Filter>externals\spdlog\fmt\bundled</Filter></ClInclude>
    <ClInclude Include="externals\spdlog\fmt\bundled\os.h"><Filter>externals\spdlog\fmt\bundled</Filter></ClInclude>
    <ClInclude Include="externals\spdlog\fmt\bundled\ostream.h"><Filter>externals\spdlog\fmt\bundled</Filter></ClInclude>
    <ClInclude Include="externals\spdlog\fmt\bundled\printf.h"><Filter>externals\spdlog\fmt\bundled</Filter></ClInclude>
    <ClInclude Include="externals\spdlog\fmt\bundled\ranges.h"><Filter>externals\spdlog\fmt\bundled</Filter></ClInclude>
    <ClInclude Include="externals\spdlog\fmt\bundled\std.h"><Filter>externals\spdlog\fmt\bundled</Filter></ClInclude>
    <ClInclude Include="externals\spdlog\fmt\bundled\xchar.h"><Filter>externals\spdlog\fmt\bundled</Filter></ClInclude>
    <ClInclude Include="externals\spdlog\sinks\android_sink.h"><Filter>externals\spdlog\sinks</Filter></ClInclude>
    <ClInclude Include="externals\spdlog\sinks\ansicolor_sink-inl.h"><Filter>externals\spdlog\sinks</Filter></ClInclude>
    <ClInclude Include="externals\spdlog\sinks\ansicolor_sink.h"><Filter>externals\spdlog\sinks</Filter></ClInclude>
    <ClInclude Include="externals\spdlog\sinks\base_sink-inl.h"><Filter>externals\spdlog\sinks</Filter></ClInclude>
    <ClInclude Include="externals\spdlog\sinks\base_sink.h"><Filter>externals\spdlog\sinks</Filter></ClInclude>
    <ClInclude Include="externals\spdlog\sinks\basic_file_sink-inl.h"><Filter>externals\spdlog\sinks</Filter></ClInclude>
    <ClInclude Include="externals\spdlog\sinks\basic_file_sink.h"><Filter>externals\spdlog\sinks</Filter></ClInclude>
    <ClInclude Include="externals\spdlog\sinks\callback_sink.h"><Filter>externals\spdlog\sinks</Filter></ClInclude>
    <ClInclude Include="externals\spdlog\sinks\daily_file_sink.h"><Filter>externals\spdlog\sinks</Filter></ClInclude>
    <ClInclude Include="externals\spdlog\sinks\dist_sink.h"><Filter>externals\spdlog\sinks</Filter></ClInclude>
    <ClInclude Include="externals\spdlog\sinks\dup_filter_sink.h"><Filter>externals\spdlog\sinks</Filter></ClInclude>
    <ClInclude Include="externals\spdlog\sinks\hourly_file_sink.h"><Filter>externals\spdlog\sinks</Filter></ClInclude>
    <ClInclude Include="externals\spdlog\sinks\kafka_sink.h"><Filter>externals\spdlog\sinks</Filter></ClInclude>
    <ClInclude Include="externals\spdlog\sinks\mongo_sink.h"><Filter>externals\spdlog\sinks</Filter></ClInclude>
    <ClInclude Include="externals\spdlog\sinks\msvc_sink.h"><Filter>externals\spdlog\sinks</Filter></ClInclude>
    <ClInclude Include="externals\spdlog\sinks\null_sink.h"><Filter>externals\spdlog\sinks</Filter></ClInclude>
    <ClInclude Include="externals\spdlog\sinks\ostream_sink.h"><Filter>externals\spdlog\sinks</Filter></ClInclude>
    <ClInclude Include="externals\spdlog\sinks\qt_sinks.h"><Filter>externals\spdlog\sinks</Filter></ClInclude>
    <ClInclude Include="externals\spdlog\sinks\ringbuffer_sink.h"><Filter>externals\spdlog\sinks</Filter></ClInclude>
    <ClInclude Include="externals\spdlog\sinks\rotating_file_sink-inl.h"><Filter>externals\spdlog\sinks</Filter></ClInclude>
    <ClInclude Include="externals\spdlog\sinks\rotating_file_sink.h"><Filter>externals\spdlog\sinks</Filter></ClInclude>
    <ClInclude Include="externals\spdlog\sinks\sink-inl.h"><Filter>externals\spdlog\sinks</Filter></ClInclude>
    <ClInclude Include="externals\spdlog\sinks\sink.h"><Filter>externals\spdlog\sinks</Filter></ClInclude>
    <ClInclude Include="externals\spdlog\sinks\stdout_color_sinks-inl.h"><Filter>externals\spdlog\sinks</Filter></ClInclude>
    <ClInclude Include="externals\spdlog\sinks\stdout_color_sinks.h"><Filter>externals\spdlog\sinks</Filter></ClInclude>
    <ClInclude Include="externals\spdlog\sinks\stdout_sinks-inl.h"><Filter>externals\spdlog\sinks</Filter></ClInclude>
    <ClInclude Include="externals\spdlog\sinks\stdout_sinks.h"><Filter>externals\spdlog\sinks</Filter></ClInclude>
    <ClInclude Include="externals\spdlog\sinks\syslog_sink.h"><Filter>externals\spdlog\sinks</Filter></ClInclude>
    <ClInclude Include="externals\spdlog\sinks\systemd_sink.h"><Filter>externals\spdlog\sinks</Filter></ClInclude>
    <ClInclude Include="externals\spdlog\sinks\tcp_sink.h"><Filter>externals\spdlog\sinks</Filter></ClInclude>
    <ClInclude Include="externals\spdlog\sinks\udp_sink.h"><Filter>externals\spdlog\sinks</Filter></ClInclude>
    <ClInclude Include="externals\spdlog\sinks\wincolor_sink-inl.h"><Filter>externals\spdlog\sinks</Filter></ClInclude>
    <ClInclude Include="externals\spdlog\sinks\wincolor_sink.h"><Filter>externals\spdlog\sinks</Filter></ClInclude>
    <ClInclude Include="externals\spdlog\sinks\win_eventlog_sink.h"><Filter>externals\spdlog\sinks</Filter></ClInclude>
  </ItemGroup>
</Project>
