<Project ToolsVersion="4.0" xmlns="http://schemas.microsoft.com/developer/msbuild/2003">
  <ItemGroup>
    <Filter Include="AppSource">
      <UniqueIdentifier>{8672c7bf-346d-4e3e-946c-602f9d40f802}</UniqueIdentifier>
    </Filter>
    <Filter Include="AppSource\Common">
      <UniqueIdentifier>{9e551fd9-072f-4ccd-a214-35ea57e4a0ef}</UniqueIdentifier>
    </Filter>
    <Filter Include="AppSource\Common\Camera">
      <UniqueIdentifier>{df804d79-7981-4941-8437-19c460a9af95}</UniqueIdentifier>
    </Filter>
    <Filter Include="AppSource\Common\DebugParam">
      <UniqueIdentifier>{71bfcbdb-2e2b-4855-b0eb-db06443f0b3d}</UniqueIdentifier>
    </Filter>
    <Filter Include="AppSource\Common\KeyConfig">
      <UniqueIdentifier>{f6688f0c-d2b5-48e8-a5e3-0a45b28932b1}</UniqueIdentifier>
    </Filter>
    <Filter Include="AppSource\Core">
      <UniqueIdentifier>{f44cb910-25f9-4250-9986-ac8a5f9ae327}</UniqueIdentifier>
    </Filter>
    <Filter Include="AppSource\Game">
      <UniqueIdentifier>{c1047663-1387-4b5c-aad5-9421e4a44012}</UniqueIdentifier>
    </Filter>
    <Filter Include="AppSource\Game\MapData">
      <UniqueIdentifier>{887d2d20-7d51-4762-9e8b-c764f13f14fa}</UniqueIdentifier>
    </Filter>
    <Filter Include="AppSource\Game\MapData\Data">
      <UniqueIdentifier>{2958b885-4a9c-4516-8ead-566b62beae00}</UniqueIdentifier>
    </Filter>
    <Filter Include="AppSource\GameCamera">
      <UniqueIdentifier>{0c54dde0-1398-4f09-8436-0909920fc40a}</UniqueIdentifier>
    </Filter>
    <Filter Include="AppSource\MapEditor">
      <UniqueIdentifier>{ee568144-c2c4-44b9-abc5-93adeb266e33}</UniqueIdentifier>
    </Filter>
    <Filter Include="AppSource\MapEditor\Editor">
      <UniqueIdentifier>{fbfb0556-0861-47e5-94d3-0ce4679928db}</UniqueIdentifier>
    </Filter>
    <Filter Include="AppSource\MapEditor\Editor\Data">
      <UniqueIdentifier>{6b4cbcdc-c0af-46bc-8be6-ec62aa1cf8f9}</UniqueIdentifier>
    </Filter>
    <Filter Include="AppSource\Scene">
      <UniqueIdentifier>{f425ee35-a99f-4cde-9ec3-8b9aba670eb1}</UniqueIdentifier>
    </Filter>
    <Filter Include="AppSource\Scene\src">
      <UniqueIdentifier>{40acfa65-114c-4498-b0c8-5d875434467f}</UniqueIdentifier>
    </Filter>
    <Filter Include="AppSource\Test">
      <UniqueIdentifier>{008b0f2c-0516-4bdd-9a5e-c8bb9ab344ce}</UniqueIdentifier>
    </Filter>
    <Filter Include="AppSource\Unit">
      <UniqueIdentifier>{219709ec-664e-4395-bb47-8f5fb628fd86}</UniqueIdentifier>
    </Filter>
    <Filter Include="AppSource\Unit\Ore">
      <UniqueIdentifier>{3f5d40c6-9600-4a2d-9d22-56782c8766ad}</UniqueIdentifier>
    </Filter>
    <Filter Include="AppSource\Unit\Player">
      <UniqueIdentifier>{1534a0aa-6e9d-4685-92f0-361d522e6b2f}</UniqueIdentifier>
    </Filter>
    <Filter Include="Engine">
      <UniqueIdentifier>{5ce9f69c-7263-4bd4-9de0-2d7a5c9004b0}</UniqueIdentifier>
    </Filter>
    <Filter Include="Engine\Assets">
      <UniqueIdentifier>{ffb9c1f4-26c6-401f-b461-ab713aa15a8c}</UniqueIdentifier>
    </Filter>
    <Filter Include="Engine\Assets\Audio">
      <UniqueIdentifier>{ede19677-5dbd-469e-916d-c01dff574efc}</UniqueIdentifier>
    </Filter>
    <Filter Include="Engine\Assets\Audio\Data">
      <UniqueIdentifier>{5716c720-083b-41c7-b6fc-faf962f2561a}</UniqueIdentifier>
    </Filter>
    <Filter Include="Engine\Assets\Model">
      <UniqueIdentifier>{a56fcf20-7d01-400b-acc2-699a643c8a26}</UniqueIdentifier>
    </Filter>
    <Filter Include="Engine\Assets\Texture">
      <UniqueIdentifier>{ff4de95a-c2f0-4054-9d97-6ae19447e783}</UniqueIdentifier>
    </Filter>
    <Filter Include="Engine\Camera">
      <UniqueIdentifier>{3a858ab3-6375-45c3-9a57-d6aa2b17f16e}</UniqueIdentifier>
    </Filter>
    <Filter Include="Engine\Collision">
      <UniqueIdentifier>{8e8d2763-456d-45de-b89a-2433a829d026}</UniqueIdentifier>
    </Filter>
    <Filter Include="Engine\Collision\Data">
      <UniqueIdentifier>{6d7508ae-52e0-464f-9bc5-7b87caf9288c}</UniqueIdentifier>
    </Filter>
    <Filter Include="Engine\Core">
      <UniqueIdentifier>{5b55149b-ad4c-4d84-b4b8-e70cb9c9d97d}</UniqueIdentifier>
    </Filter>
    <Filter Include="Engine\Core\Data">
      <UniqueIdentifier>{053c6d57-bcf8-45e8-8ca9-154e78e36963}</UniqueIdentifier>
    </Filter>
    <Filter Include="Engine\Core\src">
      <UniqueIdentifier>{646ba5e0-200a-46df-9525-e57ab2b0cc2b}</UniqueIdentifier>
    </Filter>
    <Filter Include="Engine\Core\View">
      <UniqueIdentifier>{d0ec06b3-89fd-4de3-a000-6c735b53bde1}</UniqueIdentifier>
    </Filter>
    <Filter Include="Engine\Input">
      <UniqueIdentifier>{61ed105c-4322-4541-90d9-3c55ee81d504}</UniqueIdentifier>
    </Filter>
    <Filter Include="Engine\PSO">
      <UniqueIdentifier>{0e46d234-a1f8-4698-a678-6795d5bafe84}</UniqueIdentifier>
    </Filter>
    <Filter Include="Engine\PSO\Shelf">
      <UniqueIdentifier>{3bf31b95-f0fd-4958-9f71-76389530155f}</UniqueIdentifier>
    </Filter>
    <Filter Include="Engine\Render">
      <UniqueIdentifier>{84c1727c-95aa-4799-8c36-f039e6bcf936}</UniqueIdentifier>
    </Filter>
    <Filter Include="Engine\Screen">
      <UniqueIdentifier>{0da95420-8bd0-43a9-ba95-d9e0a016438b}</UniqueIdentifier>
    </Filter>
    <Filter Include="Engine\Screen\Display">
      <UniqueIdentifier>{7ecff286-bc75-4acb-9fdf-5b13a7fa31f0}</UniqueIdentifier>
    </Filter>
    <Filter Include="Engine\Screen\Display\src">
      <UniqueIdentifier>{f1d021d3-91a1-46dd-b1c7-1e7e08283a36}</UniqueIdentifier>
    </Filter>
    <Filter Include="Engine\Tool">
      <UniqueIdentifier>{f9f1a359-76b3-4278-a1f9-a00c7ffc350e}</UniqueIdentifier>
    </Filter>
    <Filter Include="Engine\Tool\Binary">
      <UniqueIdentifier>{179078b5-2ee7-4887-ac78-d72593da0538}</UniqueIdentifier>
    </Filter>
    <Filter Include="Engine\Tool\Binary\Data">
      <UniqueIdentifier>{88c025aa-d7f8-4928-b12d-6368e3f146f6}</UniqueIdentifier>
    </Filter>
    <Filter Include="Engine\Tool\Dump">
      <UniqueIdentifier>{da6e8161-b25d-404b-ba41-9d1709e829e9}</UniqueIdentifier>
    </Filter>
    <Filter Include="Engine\Tool\FPS">
      <UniqueIdentifier>{82af5d93-c943-458b-8b1e-ccb270658905}</UniqueIdentifier>
    </Filter>
    <Filter Include="Engine\Tool\Logger">
      <UniqueIdentifier>{f1a7f600-28b9-4519-9098-ed91069d772e}</UniqueIdentifier>
    </Filter>
    <Filter Include="Engine\Utility">
      <UniqueIdentifier>{2e2fc74a-b6d4-4376-bd65-3c91df318732}</UniqueIdentifier>
    </Filter>
    <Filter Include="Engine\Utility\src">
      <UniqueIdentifier>{c5af0805-1adf-42b5-b433-38182ac20610}</UniqueIdentifier>
    </Filter>
    <Filter Include="externals">
      <UniqueIdentifier>{c8da1593-017b-4439-9b7c-2fae0f07839e}</UniqueIdentifier>
    </Filter>
    <Filter Include="externals\assimp">
      <UniqueIdentifier>{4819ff27-bae9-411b-b39b-7053509cfca2}</UniqueIdentifier>
    </Filter>
    <Filter Include="externals\assimp\include">
      <UniqueIdentifier>{466a5b94-6182-40c1-b1e8-95f9f10605a1}</UniqueIdentifier>
    </Filter>
    <Filter Include="externals\assimp\include\assimp">
      <UniqueIdentifier>{9b09402d-3b38-4dbe-8b48-ceca5e232ef0}</UniqueIdentifier>
    </Filter>
    <Filter Include="externals\assimp\include\assimp\Compiler">
      <UniqueIdentifier>{ab70efb4-4e12-4ba8-ac02-a4df96b6e8d3}</UniqueIdentifier>
    </Filter>
    <Filter Include="externals\assimp\include\assimp\port">
      <UniqueIdentifier>{fc44df23-11ee-4642-8f18-10547a483e00}</UniqueIdentifier>
    </Filter>
    <Filter Include="externals\assimp\include\assimp\port\AndroidJNI">
      <UniqueIdentifier>{4e2dc7ac-4f92-43fc-912a-78ae7948c2bf}</UniqueIdentifier>
    </Filter>
    <Filter Include="externals\DirectXTex">
      <UniqueIdentifier>{5dfd0809-d13a-446c-912c-5f0ceb074169}</UniqueIdentifier>
    </Filter>
    <Filter Include="externals\imgui">
      <UniqueIdentifier>{9d8c1749-fdd8-4e44-97da-96d1ff51cff8}</UniqueIdentifier>
    </Filter>
    <Filter Include="externals\spdlog">
      <UniqueIdentifier>{9c9de75d-d6bb-4d09-bc10-7570dda13b3b}</UniqueIdentifier>
    </Filter>
    <Filter Include="externals\spdlog\cfg">
      <UniqueIdentifier>{d7a0d511-bdbb-42f8-857f-becc2c061aa0}</UniqueIdentifier>
    </Filter>
    <Filter Include="externals\spdlog\details">
      <UniqueIdentifier>{3a19dd24-c747-44bf-a9d5-b299a51faefe}</UniqueIdentifier>
    </Filter>
    <Filter Include="externals\spdlog\fmt">
      <UniqueIdentifier>{6230a096-852f-421f-b54b-d284056bae35}</UniqueIdentifier>
    </Filter>
    <Filter Include="externals\spdlog\fmt\bundled">
      <UniqueIdentifier>{d6042357-0088-4a1c-853a-3c1dfaacacf9}</UniqueIdentifier>
    </Filter>
    <Filter Include="externals\spdlog\sinks">
      <UniqueIdentifier>{49ed3f23-14e6-44db-a53a-4a6477ac23c2}</UniqueIdentifier>
    </Filter>
  </ItemGroup>
  <ItemGroup>
    <ClCompile Include="main.cpp" />
    <ClCompile Include="AppSource\Common\GameWindow.cpp"><Filter>AppSource\Common</Filter></ClCompile>
    <ClCompile Include="AppSource\Common\Camera\GameCamera.cpp"><Filter>AppSource\Common\Camera</Filter></ClCompile>
    <ClCompile Include="AppSource\Common\DebugParam\GameParamEditor.cpp"><Filter>AppSource\Common\DebugParam</Filter></ClCompile>
    <ClCompile Include="AppSource\Common\DebugParam\HierarchyWindow.cpp"><Filter>AppSource\Common\DebugParam</Filter></ClCompile>
    <ClCompile Include="AppSource\Common\DebugParam\InspectorWindow.cpp"><Filter>AppSource\Common\DebugParam</Filter></ClCompile>
    <ClCompile Include="AppSource\Common\DebugParam\ParamManager.cpp"><Filter>AppSource\Common\DebugParam</Filter></ClCompile>
    <ClCompile Include="AppSource\Common\KeyConfig\KeyManager.cpp"><Filter>AppSource\Common\KeyConfig</Filter></ClCompile>
    <ClCompile Include="AppSource\Core\Terminal.cpp"><Filter>AppSource\Core</Filter></ClCompile>
    <ClCompile Include="AppSource\Game\GameScene.cpp"><Filter>AppSource\Game</Filter></ClCompile>
    <ClCompile Include="AppSource\Game\MapData\MapDataManager.cpp"><Filter>AppSource\Game\MapData</Filter></ClCompile>
    <ClCompile Include="AppSource\Game\MapData\Data\MapData.cpp"><Filter>AppSource\Game\MapData\Data</Filter></ClCompile>
    <ClCompile Include="AppSource\GameCamera\CameraController.cpp"><Filter>AppSource\GameCamera</Filter></ClCompile>
    <ClCompile Include="AppSource\MapEditor\MapEditScene.cpp"><Filter>AppSource\MapEditor</Filter></ClCompile>
    <ClCompile Include="AppSource\MapEditor\Editor\MapEditor.cpp"><Filter>AppSource\MapEditor\Editor</Filter></ClCompile>
    <ClCompile Include="AppSource\MapEditor\Editor\MapEditWithImGui.cpp"><Filter>AppSource\MapEditor\Editor</Filter></ClCompile>
    <ClCompile Include="AppSource\MapEditor\Editor\Data\Campus.cpp"><Filter>AppSource\MapEditor\Editor\Data</Filter></ClCompile>
    <ClCompile Include="AppSource\MapEditor\Editor\Data\Pencil.cpp"><Filter>AppSource\MapEditor\Editor\Data</Filter></ClCompile>
    <ClCompile Include="AppSource\MapEditor\Editor\Data\StageEditor.cpp"><Filter>AppSource\MapEditor\Editor\Data</Filter></ClCompile>
    <ClCompile Include="AppSource\Scene\src\InitializeScene.cpp"><Filter>AppSource\Scene\src</Filter></ClCompile>
    <ClCompile Include="AppSource\Scene\src\IScene.cpp"><Filter>AppSource\Scene\src</Filter></ClCompile>
    <ClCompile Include="AppSource\Scene\src\SceneManager.cpp"><Filter>AppSource\Scene\src</Filter></ClCompile>
    <ClCompile Include="AppSource\Test\TestScene.cpp"><Filter>AppSource\Test</Filter></ClCompile>
    <ClCompile Include="AppSource\Unit\MapChipField.cpp"><Filter>AppSource\Unit</Filter></ClCompile>
    <ClCompile Include="AppSource\Unit\UnitManager.cpp"><Filter>AppSource\Unit</Filter></ClCompile>
    <ClCompile Include="AppSource\Unit\Ore\OreUnit.cpp"><Filter>AppSource\Unit\Ore</Filter></ClCompile>
    <ClCompile Include="AppSource\Unit\Ore\OreUnitObject.cpp"><Filter>AppSource\Unit\Ore</Filter></ClCompile>
    <ClCompile Include="AppSource\Unit\Player\PlayerUnit.cpp"><Filter>AppSource\Unit\Player</Filter></ClCompile>
    <ClCompile Include="AppSource\Unit\Player\PlayerUnitObject.cpp"><Filter>AppSource\Unit\Player</Filter></ClCompile>
    <ClCompile Include="Engine\SHEngine.cpp"><Filter>Engine</Filter></ClCompile>
    <ClCompile Include="Engine\Assets\Audio\AudioManager.cpp"><Filter>Engine\Assets\Audio</Filter></ClCompile>
    <ClCompile Include="Engine\Assets\Audio\Data\AudioData.cpp"><Filter>Engine\Assets\Audio\Data</Filter></ClCompile>
    <ClCompile Include="Engine\Assets\Audio\Data\MP3Data.cpp"><Filter>Engine\Assets\Audio\Data</Filter></ClCompile>
    <ClCompile Include="Engine\Assets\Audio\Data\WAVData.cpp"><Filter>Engine\Assets\Audio\Data</Filter></ClCompile>
    <ClCompile Include="Engine\Assets\Model\ModelLoader.cpp"><Filter>Engine\Assets\Model</Filter></ClCompile>
    <ClCompile Include="Engine\Assets\Model\ModelManager.cpp"><Filter>Engine\Assets\Model</Filter></ClCompile>
    <ClCompile Include="Engine\Assets\Texture\TextureData.cpp"><Filter>Engine\Assets\Texture</Filter></ClCompile>
    <ClCompile Include="Engine\Assets\Texture\TextureManager.cpp"><Filter>Engine\Assets\Texture</Filter></ClCompile>
    <ClCompile Include="Engine\Camera\Camera.cpp"><Filter>Engine\Camera</Filter></ClCompile>
    <ClCompile Include="Engine\Camera\DebugCamera.cpp"><Filter>Engine\Camera</Filter></ClCompile>
    <ClCompile Include="Engine\Collision\Collider.cpp"><Filter>Engine\Collision</Filter></ClCompile>
    <ClCompile Include="Engine\Collision\ColliderManager.cpp"><Filter>Engine\Collision</Filter></ClCompile>
    <ClCompile Include="Engine\Collision\Data\CollisionVisitor.cpp"><Filter>Engine\Collision\Data</Filter></ClCompile>
    <ClCompile Include="Engine\Core\Data\CommandObject.cpp"><Filter>Engine\Core\Data</Filter></ClCompile>
    <ClCompile Include="Engine\Core\src\CmdListManager.cpp"><Filter>Engine\Core\src</Filter></ClCompile>
    <ClCompile Include="Engine\Core\src\DXDevice.cpp"><Filter>Engine\Core\src</Filter></ClCompile>
    <ClCompile Include="Engine\Core\src\FenceManager.cpp"><Filter>Engine\Core\src</Filter></ClCompile>
    <ClCompile Include="Engine\Core\src\ImGuiforEngine.cpp"><Filter>Engine\Core\src</Filter></ClCompile>
    <ClCompile Include="Engine\Core\View\DSVManager.cpp"><Filter>Engine\Core\View</Filter></ClCompile>
    <ClCompile Include="Engine\Core\View\RTVManager.cpp"><Filter>Engine\Core\View</Filter></ClCompile>
    <ClCompile Include="Engine\Core\View\SRVManager.cpp"><Filter>Engine\Core\View</Filter></ClCompile>
    <ClCompile Include="Engine\Core\View\ViewFunc.cpp"><Filter>Engine\Core\View</Filter></ClCompile>
    <ClCompile Include="Engine\Input\Input.cpp"><Filter>Engine\Input</Filter></ClCompile>
    <ClCompile Include="Engine\PSO\PSOEditor.cpp"><Filter>Engine\PSO</Filter></ClCompile>
    <ClCompile Include="Engine\PSO\PSOManager.cpp"><Filter>Engine\PSO</Filter></ClCompile>
    <ClCompile Include="Engine\PSO\Shelf\BlendStateShelf.cpp"><Filter>Engine\PSO\Shelf</Filter></ClCompile>
    <ClCompile Include="Engine\PSO\Shelf\DepthStencilShelf.cpp"><Filter>Engine\PSO\Shelf</Filter></ClCompile>
    <ClCompile Include="Engine\PSO\Shelf\InputLayoutShelf.cpp"><Filter>Engine\PSO\Shelf</Filter></ClCompile>
    <ClCompile Include="Engine\PSO\Shelf\RasterizerShelf.cpp"><Filter>Engine\PSO\Shelf</Filter></ClCompile>
    <ClCompile Include="Engine\PSO\Shelf\RootSignatureShelf.cpp"><Filter>Engine\PSO\Shelf</Filter></ClCompile>
    <ClCompile Include="Engine\PSO\Shelf\ShaderShelf.cpp"><Filter>Engine\PSO\Shelf</Filter></ClCompile>
    <ClCompile Include="Engine\Render\DebugLine.cpp"><Filter>Engine\Render</Filter></ClCompile>
    <ClCompile Include="Engine\Render\DrawDataManager.cpp"><Filter>Engine\Render</Filter></ClCompile>
    <ClCompile Include="Engine\Render\PostEffect.cpp"><Filter>Engine\Render</Filter></ClCompile>
    <ClCompile Include="Engine\Render\RenderObject.cpp"><Filter>Engine\Render</Filter></ClCompile>
    <ClCompile Include="Engine\Screen\DualDisplay.cpp"><Filter>Engine\Screen</Filter></ClCompile>
    <ClCompile Include="Engine\Screen\Window.cpp"><Filter>Engine\Screen</Filter></ClCompile>
    <ClCompile Include="Engine\Screen\WindowMaker.cpp"><Filter>Engine\Screen</Filter></ClCompile>
    <ClCompile Include="Engine\Screen\Display\src\Display.cpp"><Filter>Engine\Screen\Display\src</Filter></ClCompile>
    <ClCompile Include="Engine\Screen\Display\src\IDisplay.cpp"><Filter>Engine\Screen\Display\src</Filter></ClCompile>
    <ClCompile Include="Engine\Screen\Display\src\SwapChain.cpp"><Filter>Engine\Screen\Display\src</Filter></ClCompile>
    <ClCompile Include="Engine\Screen\Display\src\WindowsApp.cpp"><Filter>Engine\Screen\Display\src</Filter></ClCompile>
    <ClCompile Include="Engine\Tool\Binary\BinaryManager.cpp"><Filter>Engine\Tool\Binary</Filter></ClCompile>
    <ClCompile Include="Engine\Tool\Binary\Data\BinaryInput.cpp"><Filter>Engine\Tool\Binary\Data</Filter></ClCompile>
    <ClCompile Include="Engine\Tool\Binary\Data\BinaryOutput.cpp"><Filter>Engine\Tool\Binary\Data</Filter></ClCompile>
    <ClCompile Include="Engine\Tool\Dump\CreateDump.cpp"><Filter>Engine\Tool\Dump</Filter></ClCompile>
    <ClCompile Include="Engine\Tool\FPS\FPSObserver.cpp"><Filter>Engine\Tool\FPS</Filter></ClCompile>
    <ClCompile Include="Engine\Tool\Logger\Logger.cpp"><Filter>Engine\Tool\Logger</Filter></ClCompile>
    <ClCompile Include="Engine\Utility\src\Color.cpp"><Filter>Engine\Utility\src</Filter></ClCompile>
    <ClCompile Include="Engine\Utility\src\ConvertString.cpp"><Filter>Engine\Utility\src</Filter></ClCompile>
    <ClCompile Include="Engine\Utility\src\DirectUtilFuncs.cpp"><Filter>Engine\Utility\src</Filter></ClCompile>
    <ClCompile Include="Engine\Utility\src\Easing.cpp"><Filter>Engine\Utility\src</Filter></ClCompile>
    <ClCompile Include="Engine\Utility\src\MatrixFactory.cpp"><Filter>Engine\Utility\src</Filter></ClCompile>
    <ClCompile Include="Engine\Utility\src\MyMath.cpp"><Filter>Engine\Utility\src</Filter></ClCompile>
    <ClCompile Include="Engine\Utility\src\Operator.cpp"><Filter>Engine\Utility\src</Filter></ClCompile>
    <ClCompile Include="Engine\Utility\src\SearchFile.cpp"><Filter>Engine\Utility\src</Filter></ClCompile>
  </ItemGroup>
  <ItemGroup>
    <ClInclude Include="AppSource\FpsCount.h"><Filter>AppSource</Filter></ClInclude>
    <ClInclude Include="AppSource\Common\GameWindow.h"><Filter>AppSource\Common</Filter></ClInclude>
    <ClInclude Include="AppSource\Common\Camera\GameCamera.h"><Filter>AppSource\Common\Camera</Filter></ClInclude>
    <ClInclude Include="AppSource\Common\DebugParam\GameParamEditor.h"><Filter>AppSource\Common\DebugParam</Filter></ClInclude>
    <ClInclude Include="AppSource\Common\DebugParam\HierarchyWindow.h"><Filter>AppSource\Common\DebugParam</Filter></ClInclude>
    <ClInclude Include="AppSource\Common\DebugParam\InspectorWindow.h"><Filter>AppSource\Common\DebugParam</Filter></ClInclude>
    <ClInclude Include="AppSource\Common\DebugParam\ParamManager.h"><Filter>AppSource\Common\DebugParam</Filter></ClInclude>
    <ClInclude Include="AppSource\Common\KeyConfig\KeyManager.h"><Filter>AppSource\Common\KeyConfig</Filter></ClInclude>
    <ClInclude Include="AppSource\Core\Terminal.h"><Filter>AppSource\Core</Filter></ClInclude>
    <ClInclude Include="AppSource\Game\GameScene.h"><Filter>AppSource\Game</Filter></ClInclude>
    <ClInclude Include="AppSource\Game\MapData\MapDataManager.h"><Filter>AppSource\Game\MapData</Filter></ClInclude>
    <ClInclude Include="AppSource\Game\MapData\Data\MapData.h"><Filter>AppSource\Game\MapData\Data</Filter></ClInclude>
    <ClInclude Include="AppSource\Game\MapData\Data\StageData.h"><Filter>AppSource\Game\MapData\Data</Filter></ClInclude>
    <ClInclude Include="AppSource\GameCamera\CameraController.h"><Filter>AppSource\GameCamera</Filter></ClInclude>
    <ClInclude Include="AppSource\MapEditor\MapEditScene.h"><Filter>AppSource\MapEditor</Filter></ClInclude>
    <ClInclude Include="AppSource\MapEditor\Editor\MapEditor.h"><Filter>AppSource\MapEditor\Editor</Filter></ClInclude>
    <ClInclude Include="AppSource\MapEditor\Editor\MapEditWithImGui.h"><Filter>AppSource\MapEditor\Editor</Filter></ClInclude>
    <ClInclude Include="AppSource\MapEditor\Editor\Data\Campus.h"><Filter>AppSource\MapEditor\Editor\Data</Filter></ClInclude>
    <ClInclude Include="AppSource\MapEditor\Editor\Data\Pencil.h"><Filter>AppSource\MapEditor\Editor\Data</Filter></ClInclude>
    <ClInclude Include="AppSource\MapEditor\Editor\Data\StageEditor.h"><Filter>AppSource\MapEditor\Editor\Data</Filter></ClInclude>
    <ClInclude Include="AppSource\Scene\CommonData.h"><Filter>AppSource\Scene</Filter></ClInclude>
    <ClInclude Include="AppSource\Scene\InitializeScene.h"><Filter>AppSource\Scene</Filter></ClInclude>
    <ClInclude Include="AppSource\Scene\IScene.h"><Filter>AppSource\Scene</Filter></ClInclude>
    <ClInclude Include="AppSource\Scene\SceneManager.h"><Filter>AppSource\Scene</Filter></ClInclude>
    <ClInclude Include="AppSource\Test\TestScene.h"><Filter>AppSource\Test</Filter></ClInclude>
    <ClInclude Include="AppSource\Unit\MapChipField.h"><Filter>AppSource\Unit</Filter></ClInclude>
    <ClInclude Include="AppSource\Unit\UnitManager.h"><Filter>AppSource\Unit</Filter></ClInclude>
    <ClInclude Include="AppSource\Unit\Ore\OreUnit.h"><Filter>AppSource\Unit\Ore</Filter></ClInclude>
    <ClInclude Include="AppSource\Unit\Ore\OreUnitObject.h"><Filter>AppSource\Unit\Ore</Filter></ClInclude>
    <ClInclude Include="AppSource\Unit\Player\PlayerUnit.h"><Filter>AppSource\Unit\Player</Filter></ClInclude>
    <ClInclude Include="AppSource\Unit\Player\PlayerUnitObject.h"><Filter>AppSource\Unit\Player</Filter></ClInclude>
    <ClInclude Include="Engine\SHEngine.h"><Filter>Engine</Filter></ClInclude>
    <ClInclude Include="Engine\Assets\Audio\AudioManager.h"><Filter>Engine\Assets\Audio</Filter></ClInclude>
    <ClInclude Include="Engine\Assets\Audio\Data\AudioData.h"><Filter>Engine\Assets\Audio\Data</Filter></ClInclude>
    <ClInclude Include="Engine\Assets\Audio\Data\MP3Data.h"><Filter>Engine\Assets\Audio\Data</Filter></ClInclude>
    <ClInclude Include="Engine\Assets\Audio\Data\WAVData.h"><Filter>Engine\Assets\Audio\Data</Filter></ClInclude>
    <ClInclude Include="Engine\Assets\Model\ModelData.h"><Filter>Engine\Assets\Model</Filter></ClInclude>
    <ClInclude Include="Engine\Assets\Model\ModelLoader.h"><Filter>Engine\Assets\Model</Filter></ClInclude>
    <ClInclude Include="Engine\Assets\Model\ModelManager.h"><Filter>Engine\Assets\Model</Filter></ClInclude>
    <ClInclude Include="Engine\Assets\Texture\TextureData.h"><Filter>Engine\Assets\Texture</Filter></ClInclude>
    <ClInclude Include="Engine\Assets\Texture\TextureManager.h"><Filter>Engine\Assets\Texture</Filter></ClInclude>
    <ClInclude Include="Engine\Camera\Camera.h"><Filter>Engine\Camera</Filter></ClInclude>
    <ClInclude Include="Engine\Camera\DebugCamera.h"><Filter>Engine\Camera</Filter></ClInclude>
    <ClInclude Include="Engine\Collision\Collider.h"><Filter>Engine\Collision</Filter></ClInclude>
    <ClInclude Include="Engine\Collision\ColliderManager.h"><Filter>Engine\Collision</Filter></ClInclude>
    <ClInclude Include="Engine\Collision\Data\CollisionInfo.h"><Filter>Engine\Collision\Data</Filter></ClInclude>
    <ClInclude Include="Engine\Collision\Data\CollisionVisitor.h"><Filter>Engine\Collision\Data</Filter></ClInclude>
    <ClInclude Include="Engine\Core\CmdListManager.h"><Filter>Engine\Core</Filter></ClInclude>
    <ClInclude Include="Engine\Core\DXDevice.h"><Filter>Engine\Core</Filter></ClInclude>
    <ClInclude Include="Engine\Core\FenceManager.h"><Filter>Engine\Core</Filter></ClInclude>
    <ClInclude Include="Engine\Core\ImGuiforEngine.h"><Filter>Engine\Core</Filter></ClInclude>
    <ClInclude Include="Engine\Core\Data\CommandObject.h"><Filter>Engine\Core\Data</Filter></ClInclude>
    <ClInclude Include="Engine\Core\View\DSVManager.h"><Filter>Engine\Core\View</Filter></ClInclude>
    <ClInclude Include="Engine\Core\View\RTVManager.h"><Filter>Engine\Core\View</Filter></ClInclude>
    <ClInclude Include="Engine\Core\View\SRVManager.h"><Filter>Engine\Core\View</Filter></ClInclude>
    <ClInclude Include="Engine\Core\View\ViewFunc.h"><Filter>Engine\Core\View</Filter></ClInclude>
    <ClInclude Include="Engine\Input\Input.h"><Filter>Engine\Input</Filter></ClInclude>
    <ClInclude Include="Engine\PSO\PSOConfig.h"><Filter>Engine\PSO</Filter></ClInclude>
    <ClInclude Include="Engine\PSO\PSOEditor.h"><Filter>Engine\PSO</Filter></ClInclude>
    <ClInclude Include="Engine\PSO\PSOManager.h"><Filter>Engine\PSO</Filter></ClInclude>
    <ClInclude Include="Engine\PSO\Shelf\BlendStateShelf.h"><Filter>Engine\PSO\Shelf</Filter></ClInclude>
    <ClInclude Include="Engine\PSO\Shelf\DepthStencilShelf.h"><Filter>Engine\PSO\Shelf</Filter></ClInclude>
    <ClInclude Include="Engine\PSO\Shelf\InputLayoutShelf.h"><Filter>Engine\PSO\Shelf</Filter></ClInclude>
    <ClInclude Include="Engine\PSO\Shelf\RasterizerShelf.h"><Filter>Engine\PSO\Shelf</Filter></ClInclude>
    <ClInclude Include="Engine\PSO\Shelf\RootSignatureShelf.h"><Filter>Engine\PSO\Shelf</Filter></ClInclude>
    <ClInclude Include="Engine\PSO\Shelf\ShaderShelf.h"><Filter>Engine\PSO\Shelf</Filter></ClInclude>
    <ClInclude Include="Engine\Render\DebugLine.h"><Filter>Engine\Render</Filter></ClInclude>
    <ClInclude Include="Engine\Render\DrawDataManager.h"><Filter>Engine\Render</Filter></ClInclude>
    <ClInclude Include="Engine\Render\PostEffect.h"><Filter>Engine\Render</Filter></ClInclude>
    <ClInclude Include="Engine\Render\PostEffectData.h"><Filter>Engine\Render</Filter></ClInclude>
    <ClInclude Include="Engine\Render\RenderObject.h"><Filter>Engine\Render</Filter></ClInclude>
    <ClInclude Include="Engine\Screen\DualDisplay.h"><Filter>Engine\Screen</Filter></ClInclude>
    <ClInclude Include="Engine\Screen\Window.h"><Filter>Engine\Screen</Filter></ClInclude>
    <ClInclude Include="Engine\Screen\WindowMaker.h"><Filter>Engine\Screen</Filter></ClInclude>
    <ClInclude Include="Engine\Screen\Display\Display.h"><Filter>Engine\Screen\Display</Filter></ClInclude>
    <ClInclude Include="Engine\Screen\Display\IDisplay.h"><Filter>Engine\Screen\Display</Filter></ClInclude>
    <ClInclude Include="Engine\Screen\Display\SwapChain.h"><Filter>Engine\Screen\Display</Filter></ClInclude>
    <ClInclude Include="Engine\Screen\Display\WindowsApp.h"><Filter>Engine\Screen\Display</Filter></ClInclude>
    <ClInclude Include="Engine\Tool\Binary\BinaryManager.h"><Filter>Engine\Tool\Binary</Filter></ClInclude>
    <ClInclude Include="Engine\Tool\Binary\Data\BinaryInput.h"><Filter>Engine\Tool\Binary\Data</Filter></ClInclude>
    <ClInclude Include="Engine\Tool\Binary\Data\BinaryOutput.h"><Filter>Engine\Tool\Binary\Data</Filter></ClInclude>
    <ClInclude Include="Engine\Tool\Binary\Data\Value.h"><Filter>Engine\Tool\Binary\Data</Filter></ClInclude>
    <ClInclude Include="Engine\Tool\Dump\CreateDump.h"><Filter>Engine\Tool\Dump</Filter></ClInclude>
    <ClInclude Include="Engine\Tool\FPS\FPSObserver.h"><Filter>Engine\Tool\FPS</Filter></ClInclude>
    <ClInclude Include="Engine\Tool\Logger\Logger.h"><Filter>Engine\Tool\Logger</Filter></ClInclude>
    <ClInclude Include="Engine\Utility\Color.h"><Filter>Engine\Utility</Filter></ClInclude>
    <ClInclude Include="Engine\Utility\ConvertString.h"><Filter>Engine\Utility</Filter></ClInclude>
    <ClInclude Include="Engine\Utility\DataStructures.h"><Filter>Engine\Utility</Filter></ClInclude>
    <ClInclude Include="Engine\Utility\DirectUtilFuncs.h"><Filter>Engine\Utility</Filter></ClInclude>
    <ClInclude Include="Engine\Utility\Easing.h"><Filter>Engine\Utility</Filter></ClInclude>
    <ClInclude Include="Engine\Utility\Matrix.h"><Filter>Engine\Utility</Filter></ClInclude>
    <ClInclude Include="Engine\Utility\MatrixFactory.h"><Filter>Engine\Utility</Filter></ClInclude>
    <ClInclude Include="Engine\Utility\MyMath.h"><Filter>Engine\Utility</Filter></ClInclude>
    <ClInclude Include="Engine\Utility\Operator.h"><Filter>Engine\Utility</Filter></ClInclude>
    <ClInclude Include="Engine\Utility\Quaternion.h"><Filter>Engine\Utility</Filter></ClInclude>
    <ClInclude Include="Engine\Utility\SearchFile.h"><Filter>Engine\Utility</Filter></ClInclude>
    <ClInclude Include="Engine\Utility\Vector.h"><Filter>Engine\Utility</Filter></ClInclude>
    <ClInclude Include="externals\assimp\include\assimp\aabb.h"><Filter>externals\assimp\include\assimp</Filter></ClInclude>
    <ClInclude Include="externals\assimp\include\assimp\ai_assert.h"><Filter>externals\assimp\include\assimp</Filter></ClInclude>
    <ClInclude Include="externals\assimp\include\assimp\anim.h"><Filter>externals\assimp\include\assimp</Filter></ClInclude>
    <ClInclude Include="externals\assimp\include\assimp\AssertHandler.h"><Filter>externals\assimp\include\assimp</Filter></ClInclude>
    <ClInclude Include="externals\assimp\include\assimp\Base64.hpp"><Filter>externals\assimp\include\assimp</Filter></ClInclude>
    <ClInclude Include="externals\assimp\include\assimp\BaseImporter.h"><Filter>externals\assimp\include\assimp</Filter></ClInclude>
    <ClInclude Include="externals\assimp\include\assimp\Bitmap.h"><Filter>externals\assimp\include\assimp</Filter></ClInclude>
    <ClInclude Include="externals\assimp\include\assimp\BlobIOSystem.h"><Filter>externals\assimp\include\assimp</Filter></ClInclude>
    <ClInclude Include="externals\assimp\include\assimp\ByteSwapper.h"><Filter>externals\assimp\include\assimp</Filter></ClInclude>
    <ClInclude Include="externals\assimp\include\assimp\camera.h"><Filter>externals\assimp\include\assimp</Filter></ClInclude>
    <ClInclude Include="externals\assimp\include\assimp\cexport.h"><Filter>externals\assimp\include\assimp</Filter></ClInclude>
    <ClInclude Include="externals\assimp\include\assimp\cfileio.h"><Filter>externals\assimp\include\assimp</Filter></ClInclude>
    <ClInclude Include="externals\assimp\include\assimp\cimport.h"><Filter>externals\assimp\include\assimp</Filter></ClInclude>
    <ClInclude Include="externals\assimp\include\assimp\ColladaMetaData.h"><Filter>externals\assimp\include\assimp</Filter></ClInclude>
    <ClInclude Include="externals\assimp\include\assimp\color4.h"><Filter>externals\assimp\include\assimp</Filter></ClInclude>
    <ClInclude Include="externals\assimp\include\assimp\commonMetaData.h"><Filter>externals\assimp\include\assimp</Filter></ClInclude>
    <ClInclude Include="externals\assimp\include\assimp\config.h"><Filter>externals\assimp\include\assimp</Filter></ClInclude>
    <ClInclude Include="externals\assimp\include\assimp\CreateAnimMesh.h"><Filter>externals\assimp\include\assimp</Filter></ClInclude>
    <ClInclude Include="externals\assimp\include\assimp\DefaultIOStream.h"><Filter>externals\assimp\include\assimp</Filter></ClInclude>
    <ClInclude Include="externals\assimp\include\assimp\DefaultIOSystem.h"><Filter>externals\assimp\include\assimp</Filter></ClInclude>
    <ClInclude Include="externals\assimp\include\assimp\DefaultLogger.hpp"><Filter>externals\assimp\include\assimp</Filter></ClInclude>
    <ClInclude Include="externals\assimp\include\assimp\defs.h"><Filter>externals\assimp\include\assimp</Filter></ClInclude>
    <ClInclude Include="externals\assimp\include\assimp\Exceptional.h"><Filter>externals\assimp\include\assimp</Filter></ClInclude>
    <ClInclude Include="externals\assimp\include\assimp\Exporter.hpp"><Filter>externals\assimp\include\assimp</Filter></ClInclude>
    <ClInclude Include="externals\assimp\include\assimp\fast_atof.h"><Filter>externals\assimp\include\assimp</Filter></ClInclude>
    <ClInclude Include="externals\assimp\include\assimp\GenericProperty.h"><Filter>externals\assimp\include\assimp</Filter></ClInclude>
    <ClInclude Include="externals\assimp\include\assimp\GltfMaterial.h"><Filter>externals\assimp\include\assimp</Filter></ClInclude>
    <ClInclude Include="externals\assimp\include\assimp\Hash.h"><Filter>externals\assimp\include\assimp</Filter></ClInclude>
    <ClInclude Include="externals\assimp\include\assimp\Importer.hpp"><Filter>externals\assimp\include\assimp</Filter></ClInclude>
    <ClInclude Include="externals\assimp\include\assimp\importerdesc.h"><Filter>externals\assimp\include\assimp</Filter></ClInclude>
    <ClInclude Include="externals\assimp\include\assimp\IOStream.hpp"><Filter>externals\assimp\include\assimp</Filter></ClInclude>
    <ClInclude Include="externals\assimp\include\assimp\IOStreamBuffer.h"><Filter>externals\assimp\include\assimp</Filter></ClInclude>
    <ClInclude Include="externals\assimp\include\assimp\IOSystem.hpp"><Filter>externals\assimp\include\assimp</Filter></ClInclude>
    <ClInclude Include="externals\assimp\include\assimp\light.h"><Filter>externals\assimp\include\assimp</Filter></ClInclude>
    <ClInclude Include="externals\assimp\include\assimp\LineSplitter.h"><Filter>externals\assimp\include\assimp</Filter></ClInclude>
    <ClInclude Include="externals\assimp\include\assimp\LogAux.h"><Filter>externals\assimp\include\assimp</Filter></ClInclude>
    <ClInclude Include="externals\assimp\include\assimp\Logger.hpp"><Filter>externals\assimp\include\assimp</Filter></ClInclude>
    <ClInclude Include="externals\assimp\include\assimp\LogStream.hpp"><Filter>externals\assimp\include\assimp</Filter></ClInclude>
    <ClInclude Include="externals\assimp\include\assimp\material.h"><Filter>externals\assimp\include\assimp</Filter></ClInclude>
    <ClInclude Include="externals\assimp\include\assimp\MathFunctions.h"><Filter>externals\assimp\include\assimp</Filter></ClInclude>
    <ClInclude Include="externals\assimp\include\assimp\matrix3x3.h"><Filter>externals\assimp\include\assimp</Filter></ClInclude>
    <ClInclude Include="externals\assimp\include\assimp\matrix4x4.h"><Filter>externals\assimp\include\assimp</Filter></ClInclude>
    <ClInclude Include="externals\assimp\include\assimp\MemoryIOWrapper.h"><Filter>externals\assimp\include\assimp</Filter></ClInclude>
    <ClInclude Include="externals\assimp\include\assimp\mesh.h"><Filter>externals\assimp\include\assimp</Filter></ClInclude>
    <ClInclude Include="externals\assimp\include\assimp\metadata.h"><Filter>externals\assimp\include\assimp</Filter></ClInclude>
    <ClInclude Include="externals\assimp\include\assimp\NullLogger.hpp"><Filter>externals\assimp\include\assimp</Filter></ClInclude>
    <ClInclude Include="externals\assimp\include\assimp\ObjMaterial.h"><Filter>externals\assimp\include\assimp</Filter></ClInclude>
    <ClInclude Include="externals\assimp\include\assimp\ParsingUtils.h"><Filter>externals\assimp\include\assimp</Filter></ClInclude>
    <ClInclude Include="externals\assimp\include\assimp\pbrmaterial.h"><Filter>externals\assimp\include\assimp</Filter></ClInclude>
    <ClInclude Include="externals\assimp\include\assimp\postprocess.h"><Filter>externals\assimp\include\assimp</Filter></ClInclude>
    <ClInclude Include="externals\assimp\include\assimp\Profiler.h"><Filter>externals\assimp\include\assimp</Filter></ClInclude>
    <ClInclude Include="externals\assimp\include\assimp\ProgressHandler.hpp"><Filter>externals\assimp\include\assimp</Filter></ClInclude>
    <ClInclude Include="externals\assimp\include\assimp\qnan.h"><Filter>externals\assimp\include\assimp</Filter></ClInclude>
    <ClInclude Include="externals\assimp\include\assimp\quaternion.h"><Filter>externals\assimp\include\assimp</Filter></ClInclude>
    <ClInclude Include="externals\assimp\include\assimp\RemoveComments.h"><Filter>externals\assimp\include\assimp</Filter></ClInclude>
    <ClInclude Include="externals\assimp\include\assimp\scene.h"><Filter>externals\assimp\include\assimp</Filter></ClInclude>
    <ClInclude Include="externals\assimp\include\assimp\SceneCombiner.h"><Filter>externals\assimp\include\assimp</Filter></ClInclude>
    <ClInclude Include="externals\assimp\include\assimp\SGSpatialSort.h"><Filter>externals\assimp\include\assimp</Filter></ClInclude>
    <ClInclude Include="externals\assimp\include\assimp\SkeletonMeshBuilder.h"><Filter>externals\assimp\include\assimp</Filter></ClInclude>
    <ClInclude Include="externals\assimp\include\assimp\SmallVector.h"><Filter>externals\assimp\include\assimp</Filter></ClInclude>
    <ClInclude Include="externals\assimp\include\assimp\SmoothingGroups.h"><Filter>externals\assimp\include\assimp</Filter></ClInclude>
    <ClInclude Include="externals\assimp\include\assimp\SpatialSort.h"><Filter>externals\assimp\include\assimp</Filter></ClInclude>
    <ClInclude Include="externals\assimp\include\assimp\StandardShapes.h"><Filter>externals\assimp\include\assimp</Filter></ClInclude>
    <ClInclude Include="externals\assimp\include\assimp\StreamReader.h"><Filter>externals\assimp\include\assimp</Filter></ClInclude>
    <ClInclude Include="externals\assimp\include\assimp\StreamWriter.h"><Filter>externals\assimp\include\assimp</Filter></ClInclude>
    <ClInclude Include="externals\assimp\include\assimp\StringComparison.h"><Filter>externals\assimp\include\assimp</Filter></ClInclude>
    <ClInclude Include="externals\assimp\include\assimp\StringUtils.h"><Filter>externals\assimp\include\assimp</Filter></ClInclude>
    <ClInclude Include="externals\assimp\include\assimp\Subdivision.h"><Filter>externals\assimp\include\assimp</Filter></ClInclude>
    <ClInclude Include="externals\assimp\include\assimp\texture.h"><Filter>externals\assimp\include\assimp</Filter></ClInclude>
    <ClInclude Include="externals\assimp\include\assimp\TinyFormatter.h"><Filter>externals\assimp\include\assimp</Filter></ClInclude>
    <ClInclude Include="externals\assimp\include\assimp\types.h"><Filter>externals\assimp\include\assimp</Filter></ClInclude>
    <ClInclude Include="externals\assimp\include\assimp\vector2.h"><Filter>externals\assimp\include\assimp</Filter></ClInclude>
    <ClInclude Include="externals\assimp\include\assimp\vector3.h"><Filter>externals\assimp\include\assimp</Filter></ClInclude>
    <ClInclude Include="externals\assimp\include\assimp\version.h"><Filter>externals\assimp\include\assimp</Filter></ClInclude>
    <ClInclude Include="externals\assimp\include\assimp\Vertex.h"><Filter>externals\assimp\include\assimp</Filter></ClInclude>
    <ClInclude Include="externals\assimp\include\assimp\XmlParser.h"><Filter>externals\assimp\include\assimp</Filter></ClInclude>
    <ClInclude Include="externals\assimp\include\assimp\XMLTools.h"><Filter>externals\assimp\include\assimp</Filter></ClInclude>
    <ClInclude Include="externals\assimp\include\assimp\ZipArchiveIOSystem.h"><Filter>externals\assimp\include\assimp</Filter></ClInclude>
    <ClInclude Include="externals\assimp\include\assimp\Compiler\poppack1.h"><Filter>externals\assimp\include\assimp\Compiler</Filter></ClInclude>
    <ClInclude Include="externals\assimp\include\assimp\Compiler\pstdint.h"><Filter>externals\assimp\include\assimp\Compiler</Filter></ClInclude>
    <ClInclude Include="externals\assimp\include\assimp\Compiler\pushpack1.h"><Filter>externals\assimp\include\assimp\Compiler</Filter></ClInclude>
    <ClInclude Include="externals\assimp\include\assimp\port\AndroidJNI\AndroidJNIIOSystem.h"><Filter>externals\assimp\include\assimp\port\AndroidJNI</Filter></ClInclude>
    <ClInclude Include="externals\assimp\include\assimp\port\AndroidJNI\BundledAssetIOSystem.h"><Filter>externals\assimp\include\assimp\port\AndroidJNI</Filter></ClInclude>
    <ClInclude Include="externals\DirectXTex\BC.h"><Filter>externals\DirectXTex</Filter></ClInclude>
    <ClInclude Include="externals\DirectXTex\BCDirectCompute.h"><Filter>externals\DirectXTex</Filter></ClInclude>
    <ClInclude Include="externals\DirectXTex\d3dx12.h"><Filter>externals\DirectXTex</Filter></ClInclude>
    <ClInclude Include="externals\DirectXTex\DDS.h"><Filter>externals\DirectXTex</Filter></ClInclude>
    <ClInclude Include="externals\DirectXTex\DirectXTex.h"><Filter>externals\DirectXTex</Filter></ClInclude>
    <ClInclude Include="externals\DirectXTex\DirectXTexP.h"><Filter>externals\DirectXTex</Filter></ClInclude>
    <ClInclude Include="externals\DirectXTex\filters.h"><Filter>externals\DirectXTex</Filter></ClInclude>
    <ClInclude Include="externals\DirectXTex\scoped.h"><Filter>externals\DirectXTex</Filter></ClInclude>
    <ClInclude Include="externals\imgui\imconfig.h"><Filter>externals\imgui</Filter></ClInclude>
    <ClInclude Include="externals\imgui\imgui.h"><Filter>externals\imgui</Filter></ClInclude>
    <ClInclude Include="externals\imgui\ImGuizmo.h"><Filter>externals\imgui</Filter></ClInclude>
    <ClInclude Include="externals\imgui\imgui_impl_dx12.h"><Filter>externals\imgui</Filter></ClInclude>
    <ClInclude Include="externals\imgui\imgui_impl_win32.h"><Filter>externals\imgui</Filter></ClInclude>
    <ClInclude Include="externals\imgui\imgui_internal.h"><Filter>externals\imgui</Filter></ClInclude>
    <ClInclude Include="externals\imgui\imstb_rectpack.h"><Filter>externals\imgui</Filter></ClInclude>
    <ClInclude Include="externals\imgui\imstb_textedit.h"><Filter>externals\imgui</Filter></ClInclude>
    <ClInclude Include="externals\imgui\imstb_truetype.h"><Filter>externals\imgui</Filter></ClInclude>
    <ClInclude Include="externals\spdlog\async.h"><Filter>externals\spdlog</Filter></ClInclude>
    <ClInclude Include="externals\spdlog\async_logger-inl.h"><Filter>externals\spdlog</Filter></ClInclude>
    <ClInclude Include="externals\spdlog\async_logger.h"><Filter>externals\spdlog</Filter></ClInclude>
    <ClInclude Include="externals\spdlog\common-inl.h"><Filter>externals\spdlog</Filter></ClInclude>
    <ClInclude Include="externals\spdlog\common.h"><Filter>externals\spdlog</Filter></ClInclude>
    <ClInclude Include="externals\spdlog\formatter.h"><Filter>externals\spdlog</Filter></ClInclude>
    <ClInclude Include="externals\spdlog\fwd.h"><Filter>externals\spdlog</Filter></ClInclude>
    <ClInclude Include="externals\spdlog\logger-inl.h"><Filter>externals\spdlog</Filter></ClInclude>
    <ClInclude Include="externals\spdlog\logger.h"><Filter>externals\spdlog</Filter></ClInclude>
    <ClInclude Include="externals\spdlog\mdc.h"><Filter>externals\spdlog</Filter></ClInclude>
    <ClInclude Include="externals\spdlog\pattern_formatter-inl.h"><Filter>externals\spdlog</Filter></ClInclude>
    <ClInclude Include="externals\spdlog\pattern_formatter.h"><Filter>externals\spdlog</Filter></ClInclude>
    <ClInclude Include="externals\spdlog\spdlog-inl.h"><Filter>externals\spdlog</Filter></ClInclude>
    <ClInclude Include="externals\spdlog\spdlog.h"><Filter>externals\spdlog</Filter></ClInclude>
    <ClInclude Include="externals\spdlog\stopwatch.h"><Filter>externals\spdlog</Filter></ClInclude>
    <ClInclude Include="externals\spdlog\tweakme.h"><Filter>externals\spdlog</Filter></ClInclude>
    <ClInclude Include="externals\spdlog\version.h"><Filter>externals\spdlog</Filter></ClInclude>
    <ClInclude Include="externals\spdlog\cfg\argv.h"><Filter>externals\spdlog\cfg</Filter></ClInclude>
    <ClInclude Include="externals\spdlog\cfg\env.h"><Filter>externals\spdlog\cfg</Filter></ClInclude>
    <ClInclude Include="externals\spdlog\cfg\helpers-inl.h"><Filter>externals\spdlog\cfg</Filter></ClInclude>
    <ClInclude Include="externals\spdlog\cfg\helpers.h"><Filter>externals\spdlog\cfg</Filter></ClInclude>
    <ClInclude Include="externals\spdlog\details\backtracer-inl.h"><Filter>externals\spdlog\details</Filter></ClInclude>
    <ClInclude Include="externals\spdlog\details\backtracer.h"><Filter>externals\spdlog\details</Filter></ClInclude>
    <ClInclude Include="externals\spdlog\details\circular_q.h"><Filter>externals\spdlog\details</Filter></ClInclude>
    <ClInclude Include="externals\spdlog\details\console_globals.h"><Filter>externals\spdlog\details</Filter></ClInclude>
    <ClInclude Include="externals\spdlog\details\file_helper-inl.h"><Filter>externals\spdlog\details</Filter></ClInclude>
    <ClInclude Include="externals\spdlog\details\file_helper.h"><Filter>externals\spdlog\details</Filter></ClInclude>
    <ClInclude Include="externals\spdlog\details\fmt_helper.h"><Filter>externals\spdlog\details</Filter></ClInclude>
    <ClInclude Include="externals\spdlog\details\log_msg-inl.h"><Filter>externals\spdlog\details</Filter></ClInclude>
    <ClInclude Include="externals\spdlog\details\log_msg.h"><Filter>externals\spdlog\details</Filter></ClInclude>
    <ClInclude Include="externals\spdlog\details\log_msg_buffer-inl.h"><Filter>externals\spdlog\details</Filter></ClInclude>
    <ClInclude Include="externals\spdlog\details\log_msg_buffer.h"><Filter>externals\spdlog\details</Filter></ClInclude>
    <ClInclude Include="externals\spdlog\details\mpmc_blocking_q.h"><Filter>externals\spdlog\details</Filter></ClInclude>
    <ClInclude Include="externals\spdlog\details\null_mutex.h"><Filter>externals\spdlog\details</Filter></ClInclude>
    <ClInclude Include="externals\spdlog\details\os-inl.h"><Filter>externals\spdlog\details</Filter></ClInclude>
    <ClInclude Include="externals\spdlog\details\os.h"><Filter>externals\spdlog\details</Filter></ClInclude>
    <ClInclude Include="externals\spdlog\details\periodic_worker-inl.h"><Filter>externals\spdlog\details</Filter></ClInclude>
    <ClInclude Include="externals\spdlog\details\periodic_worker.h"><Filter>externals\spdlog\details</Filter></ClInclude>
    <ClInclude Include="externals\spdlog\details\registry-inl.h"><Filter>externals\spdlog\details</Filter></ClInclude>
    <ClInclude Include="externals\spdlog\details\registry.h"><Filter>externals\spdlog\details</Filter></ClInclude>
    <ClInclude Include="externals\spdlog\details\synchronous_factory.h"><Filter>externals\spdlog\details</Filter></ClInclude>
    <ClInclude Include="externals\spdlog\details\tcp_client-windows.h"><Filter>externals\spdlog\details</Filter></ClInclude>
    <ClInclude Include="externals\spdlog\details\tcp_client.h"><Filter>externals\spdlog\details</Filter></ClInclude>
    <ClInclude Include="externals\spdlog\details\thread_pool-inl.h"><Filter>externals\spdlog\details</Filter></ClInclude>
    <ClInclude Include="externals\spdlog\details\thread_pool.h"><Filter>externals\spdlog\details</Filter></ClInclude>
    <ClInclude Include="externals\spdlog\details\udp_client-windows.h"><Filter>externals\spdlog\details</Filter></ClInclude>
    <ClInclude Include="externals\spdlog\details\udp_client.h"><Filter>externals\spdlog\details</Filter></ClInclude>
    <ClInclude Include="externals\spdlog\details\windows_include.h"><Filter>externals\spdlog\details</Filter></ClInclude>
    <ClInclude Include="externals\spdlog\fmt\bin_to_hex.h"><Filter>externals\spdlog\fmt</Filter></ClInclude>
    <ClInclude Include="externals\spdlog\fmt\chrono.h"><Filter>externals\spdlog\fmt</Filter></ClInclude>
    <ClInclude Include="externals\spdlog\fmt\compile.h"><Filter>externals\spdlog\fmt</Filter></ClInclude>
    <ClInclude Include="externals\spdlog\fmt\fmt.h"><Filter>externals\spdlog\fmt</Filter></ClInclude>
    <ClInclude Include="externals\spdlog\fmt\ostr.h"><Filter>externals\spdlog\fmt</Filter></ClInclude>
    <ClInclude Include="externals\spdlog\fmt\ranges.h"><Filter>externals\spdlog\fmt</Filter></ClInclude>
    <ClInclude Include="externals\spdlog\fmt\std.h"><Filter>externals\spdlog\fmt</Filter></ClInclude>
    <ClInclude Include="externals\spdlog\fmt\xchar.h"><Filter>externals\spdlog\fmt</Filter></ClInclude>
    <ClInclude Include="externals\spdlog\fmt\bundled\args.h"><Filter>externals\spdlog\fmt\bundled</Filter></ClInclude>
    <ClInclude Include="externals\spdlog\fmt\bundled\base.h"><Filter>externals\spdlog\fmt\bundled</Filter></ClInclude>
    <ClInclude Include="externals\spdlog\fmt\bundled\chrono.h"><Filter>externals\spdlog\fmt\bundled</Filter></ClInclude>
    <ClInclude Include="externals\spdlog\fmt\bundled\color.h"><Filter>externals\spdlog\fmt\bundled</Filter></ClInclude>
    <ClInclude Include="externals\spdlog\fmt\bundled\compile.h"><Filter>externals\spdlog\fmt\bundled</Filter></ClInclude>
    <ClInclude Include="externals\spdlog\fmt\bundled\core.h"><Filter>externals\spdlog\fmt\bundled</Filter></ClInclude>
    <ClInclude Include="externals\spdlog\fmt\bundled\format-inl.h"><Filter>externals\spdlog\fmt\bundled</Filter></ClInclude>
    <ClInclude Include="externals\spdlog\fmt\bundled\format.h"><Filter>externals\spdlog\fmt\bundled</Filter></ClInclude>
    <ClInclude Include="externals\spdlog\fmt\bundled\os.h"><Filter>externals\spdlog\fmt\bundled</Filter></ClInclude>
    <ClInclude Include="externals\spdlog\fmt\bundled\ostream.h"><Filter>externals\spdlog\fmt\bundled</Filter></ClInclude>
    <ClInclude Include="externals\spdlog\fmt\bundled\printf.h"><Filter>externals\spdlog\fmt\bundled</Filter></ClInclude>
    <ClInclude Include="externals\spdlog\fmt\bundled\ranges.h"><Filter>externals\spdlog\fmt\bundled</Filter></ClInclude>
    <ClInclude Include="externals\spdlog\fmt\bundled\std.h"><Filter>externals\spdlog\fmt\bundled</Filter></ClInclude>
    <ClInclude Include="externals\spdlog\fmt\bundled\xchar.h"><Filter>externals\spdlog\fmt\bundled</Filter></ClInclude>
    <ClInclude Include="externals\spdlog\sinks\android_sink.h"><Filter>externals\spdlog\sinks</Filter></ClInclude>
    <ClInclude Include="externals\spdlog\sinks\ansicolor_sink-inl.h"><Filter>externals\spdlog\sinks</Filter></ClInclude>
    <ClInclude Include="externals\spdlog\sinks\ansicolor_sink.h"><Filter>externals\spdlog\sinks</Filter></ClInclude>
    <ClInclude Include="externals\spdlog\sinks\base_sink-inl.h"><Filter>externals\spdlog\sinks</Filter></ClInclude>
    <ClInclude Include="externals\spdlog\sinks\base_sink.h"><Filter>externals\spdlog\sinks</Filter></ClInclude>
    <ClInclude Include="externals\spdlog\sinks\basic_file_sink-inl.h"><Filter>externals\spdlog\sinks</Filter></ClInclude>
    <ClInclude Include="externals\spdlog\sinks\basic_file_sink.h"><Filter>externals\spdlog\sinks</Filter></ClInclude>
    <ClInclude Include="externals\spdlog\sinks\callback_sink.h"><Filter>externals\spdlog\sinks</Filter></ClInclude>
    <ClInclude Include="externals\spdlog\sinks\daily_file_sink.h"><Filter>externals\spdlog\sinks</Filter></ClInclude>
    <ClInclude Include="externals\spdlog\sinks\dist_sink.h"><Filter>externals\spdlog\sinks</Filter></ClInclude>
    <ClInclude Include="externals\spdlog\sinks\dup_filter_sink.h"><Filter>externals\spdlog\sinks</Filter></ClInclude>
    <ClInclude Include="externals\spdlog\sinks\hourly_file_sink.h"><Filter>externals\spdlog\sinks</Filter></ClInclude>
    <ClInclude Include="externals\spdlog\sinks\kafka_sink.h"><Filter>externals\spdlog\sinks</Filter></ClInclude>
    <ClInclude Include="externals\spdlog\sinks\mongo_sink.h"><Filter>externals\spdlog\sinks</Filter></ClInclude>
    <ClInclude Include="externals\spdlog\sinks\msvc_sink.h"><Filter>externals\spdlog\sinks</Filter></ClInclude>
    <ClInclude Include="externals\spdlog\sinks\null_sink.h"><Filter>externals\spdlog\sinks</Filter></ClInclude>
    <ClInclude Include="externals\spdlog\sinks\ostream_sink.h"><Filter>externals\spdlog\sinks</Filter></ClInclude>
    <ClInclude Include="externals\spdlog\sinks\qt_sinks.h"><Filter>externals\spdlog\sinks</Filter></ClInclude>
    <ClInclude Include="externals\spdlog\sinks\ringbuffer_sink.h"><Filter>externals\spdlog\sinks</Filter></ClInclude>
    <ClInclude Include="externals\spdlog\sinks\rotating_file_sink-inl.h"><Filter>externals\spdlog\sinks</Filter></ClInclude>
    <ClInclude Include="externals\spdlog\sinks\rotating_file_sink.h"><Filter>externals\spdlog\sinks</Filter></ClInclude>
    <ClInclude Include="externals\spdlog\sinks\sink-inl.h"><Filter>externals\spdlog\sinks</Filter></ClInclude>
    <ClInclude Include="externals\spdlog\sinks\sink.h"><Filter>externals\spdlog\sinks</Filter></ClInclude>
    <ClInclude Include="externals\spdlog\sinks\stdout_color_sinks-inl.h"><Filter>externals\spdlog\sinks</Filter></ClInclude>
    <ClInclude Include="externals\spdlog\sinks\stdout_color_sinks.h"><Filter>externals\spdlog\sinks</Filter></ClInclude>
    <ClInclude Include="externals\spdlog\sinks\stdout_sinks-inl.h"><Filter>externals\spdlog\sinks</Filter></ClInclude>
    <ClInclude Include="externals\spdlog\sinks\stdout_sinks.h"><Filter>externals\spdlog\sinks</Filter></ClInclude>
    <ClInclude Include="externals\spdlog\sinks\syslog_sink.h"><Filter>externals\spdlog\sinks</Filter></ClInclude>
    <ClInclude Include="externals\spdlog\sinks\systemd_sink.h"><Filter>externals\spdlog\sinks</Filter></ClInclude>
    <ClInclude Include="externals\spdlog\sinks\tcp_sink.h"><Filter>externals\spdlog\sinks</Filter></ClInclude>
    <ClInclude Include="externals\spdlog\sinks\udp_sink.h"><Filter>externals\spdlog\sinks</Filter></ClInclude>
    <ClInclude Include="externals\spdlog\sinks\wincolor_sink-inl.h"><Filter>externals\spdlog\sinks</Filter></ClInclude>
    <ClInclude Include="externals\spdlog\sinks\wincolor_sink.h"><Filter>externals\spdlog\sinks</Filter></ClInclude>
    <ClInclude Include="externals\spdlog\sinks\win_eventlog_sink.h"><Filter>externals\spdlog\sinks</Filter></ClInclude>
  </ItemGroup>
</Project>
